<?xml version="1.0" encoding="utf-8"?>
<Project ToolsVersion="16.0" xmlns="http://schemas.microsoft.com/developer/msbuild/2003">
  <ItemGroup>
    <CustomBuild Include="C:\Users\student\Desktop\bullet3\build_x86\CMakeFiles\e288e864115b9da35dd8add057a21307\RUN_TESTS_force.rule">
      <Filter>CMake Rules</Filter>
    </CustomBuild>
  </ItemGroup>
  <ItemGroup>
    <Filter Include="CMake Rules">
      <UniqueIdentifier>{2F364FF1-2D77-39B0-BA22-06243E321349}</UniqueIdentifier>
    </Filter>
  </ItemGroup>
</Project>
