
Microsoft Visual Studio Solution File, Format Version 12.00
# Visual Studio Version 16
Project("{8BC9CEB8-8B4A-11D0-8D11-00A0C91BC942}") = "ALL_BUILD", "ALL_BUILD.vcxproj", "{1BBFD4F0-8AA0-33D4-9405-51368ED564CD}"
	ProjectSection(ProjectDependencies) = postProject
		{C22AD396-F18E-35DE-8D43-A99C33C9BBC9} = {C22AD396-F18E-35DE-8D43-A99C33C9BBC9}
		{52DC1F63-9499-308D-AE7F-5739B7DDB39A} = {52DC1F63-9499-308D-AE7F-5739B7DDB39A}
		{4A08A83C-D73E-3665-8ACE-6983B6762131} = {4A08A83C-D73E-3665-8ACE-6983B6762131}
		{66562705-C3AC-3D1E-BC30-11290AFC4B51} = {66562705-C3AC-3D1E-BC30-11290AFC4B51}
		{793EFC28-896B-3241-B977-FD7F68E0D7C2} = {793EFC28-896B-3241-B977-FD7F68E0D7C2}
		{0FFAED46-E71C-3CF1-9EC8-49D2C32BD61A} = {0FFAED46-E71C-3CF1-9EC8-49D2C32BD61A}
		{73998C8C-A6BF-3F68-A983-7D5C512B4F83} = {73998C8C-A6BF-3F68-A983-7D5C512B4F83}
		{6ACD3337-2C62-312F-8C6B-344454D486AC} = {6ACD3337-2C62-312F-8C6B-344454D486AC}
		{579F6937-DD8F-3305-BE04-045F8EBA80B4} = {579F6937-DD8F-3305-BE04-045F8EBA80B4}
		{85D072D0-56DB-386D-966F-3A0A10282A14} = {85D072D0-56DB-386D-966F-3A0A10282A14}
		{F8CBFCA3-F248-33BF-A68E-C8B2C77E29EA} = {F8CBFCA3-F248-33BF-A68E-C8B2C77E29EA}
		{9000E05C-0E6E-3949-9F0A-BE238B612A9C} = {9000E05C-0E6E-3949-9F0A-BE238B612A9C}
		{F70AEE6C-DE3F-3EFB-B189-476D34D9F1FF} = {F70AEE6C-DE3F-3EFB-B189-476D34D9F1FF}
		{E1C781D3-93F8-3E0C-93DE-571A9E521BA5} = {E1C781D3-93F8-3E0C-93DE-571A9E521BA5}
		{06A9BE13-9393-373D-BB9E-5CBC3290D33D} = {06A9BE13-9393-373D-BB9E-5CBC3290D33D}
		{345E97BE-C12A-35A8-BA49-C70955C428A1} = {345E97BE-C12A-35A8-BA49-C70955C428A1}
		{13CAB9E5-F295-335B-ABCC-20803F7A1994} = {13CAB9E5-F295-335B-ABCC-20803F7A1994}
		{3E93E7B2-5510-32FD-B8AD-5D8D55E64A33} = {3E93E7B2-5510-32FD-B8AD-5D8D55E64A33}
		{545EE8F0-1522-379D-8533-605DB15EAAC8} = {545EE8F0-1522-379D-8533-605DB15EAAC8}
		{8487F12B-50B7-3D11-803E-A4EB47EB145A} = {8487F12B-50B7-3D11-803E-A4EB47EB145A}
		{9495A87B-D078-3F48-825E-FA24B0CA00AA} = {9495A87B-D078-3F48-825E-FA24B0CA00AA}
		{7E5616EC-1BB4-37F5-BAEB-9DF9C10C5441} = {7E5616EC-1BB4-37F5-BAEB-9DF9C10C5441}
		{045E24D2-D618-3A6D-869B-C81825938D35} = {045E24D2-D618-3A6D-869B-C81825938D35}
		{D96763F2-E067-34C7-86FD-9299CCFD57FE} = {D96763F2-E067-34C7-86FD-9299CCFD57FE}
		{09AEFFEA-D913-3364-B0F4-9E00F900B045} = {09AEFFEA-D913-3364-B0F4-9E00F900B045}
		{C42CFF26-4DAB-3BE4-A99A-6810A5FA9429} = {C42CFF26-4DAB-3BE4-A99A-6810A5FA9429}
		{71961E1E-2DDD-32E9-8762-744B11117218} = {71961E1E-2DDD-32E9-8762-744B11117218}
		{6AC65D4A-2813-387D-A2C1-415067A2ADC1} = {6AC65D4A-2813-387D-A2C1-415067A2ADC1}
		{1A61EE86-4236-36D1-9D80-4F986B01CF61} = {1A61EE86-4236-36D1-9D80-4F986B01CF61}
		{77CA5CEC-38BC-3F93-8EA2-85837E2B2D16} = {77CA5CEC-38BC-3F93-8EA2-85837E2B2D16}
		{196F3812-C010-3DD1-81A9-13DC5EE387AA} = {196F3812-C010-3DD1-81A9-13DC5EE387AA}
		{E0786B0D-2CF6-3A2F-9A25-808F74D14B54} = {E0786B0D-2CF6-3A2F-9A25-808F74D14B54}
		{76AF7445-43EF-3163-AE4A-E79881C79A46} = {76AF7445-43EF-3163-AE4A-E79881C79A46}
		{52E04F5E-AC94-360D-A345-BDABC5D5FB3E} = {52E04F5E-AC94-360D-A345-BDABC5D5FB3E}
		{1BB6464A-15DB-39F3-8CB4-3B6ED6792A13} = {1BB6464A-15DB-39F3-8CB4-3B6ED6792A13}
		{907A9455-74FA-3966-9902-D118DF58993A} = {907A9455-74FA-3966-9902-D118DF58993A}
		{2BD04F9D-75F5-3C88-8F4A-11E526CD131D} = {2BD04F9D-75F5-3C88-8F4A-11E526CD131D}
		{732D0B1F-FD04-32DE-BAFC-E0F27B66F123} = {732D0B1F-FD04-32DE-BAFC-E0F27B66F123}
		{9EF810AD-C31C-34F9-9CF0-B98F734D647C} = {9EF810AD-C31C-34F9-9CF0-B98F734D647C}
		{E8A71FF5-B584-332F-A12F-E4D2D31ADFCC} = {E8A71FF5-B584-332F-A12F-E4D2D31ADFCC}
		{7B55C6F5-B862-3FDD-B693-7646478C8148} = {7B55C6F5-B862-3FDD-B693-7646478C8148}
		{5E0F5CAA-2449-33C0-9BBE-4176B60BC704} = {5E0F5CAA-2449-33C0-9BBE-4176B60BC704}
		{9E8B8800-FF44-333E-82C5-BA105EDF2066} = {9E8B8800-FF44-333E-82C5-BA105EDF2066}
		{B8B7DEC1-D7B3-36AB-AA4A-1FDB7F669FD1} = {B8B7DEC1-D7B3-36AB-AA4A-1FDB7F669FD1}
		{C0AE88E6-30AE-38FB-9A60-6AF4BBFF0D60} = {C0AE88E6-30AE-38FB-9A60-6AF4BBFF0D60}
	EndProjectSection
EndProject
Project("{8BC9CEB8-8B4A-11D0-8D11-00A0C91BC942}") = "AppBasicExampleGui", "examples\BasicDemo\AppBasicExampleGui.vcxproj", "{C22AD396-F18E-35DE-8D43-A99C33C9BBC9}"
	ProjectSection(ProjectDependencies) = postProject
		{E1C781D3-93F8-3E0C-93DE-571A9E521BA5} = {E1C781D3-93F8-3E0C-93DE-571A9E521BA5}
		{3E93E7B2-5510-32FD-B8AD-5D8D55E64A33} = {3E93E7B2-5510-32FD-B8AD-5D8D55E64A33}
		{545EE8F0-1522-379D-8533-605DB15EAAC8} = {545EE8F0-1522-379D-8533-605DB15EAAC8}
		{76AF7445-43EF-3163-AE4A-E79881C79A46} = {76AF7445-43EF-3163-AE4A-E79881C79A46}
		{52E04F5E-AC94-360D-A345-BDABC5D5FB3E} = {52E04F5E-AC94-360D-A345-BDABC5D5FB3E}
		{5E0F5CAA-2449-33C0-9BBE-4176B60BC704} = {5E0F5CAA-2449-33C0-9BBE-4176B60BC704}
	EndProjectSection
EndProject
Project("{8BC9CEB8-8B4A-11D0-8D11-00A0C91BC942}") = "App_BasicExample", "examples\BasicDemo\App_BasicExample.vcxproj", "{52DC1F63-9499-308D-AE7F-5739B7DDB39A}"
	ProjectSection(ProjectDependencies) = postProject
		{3E93E7B2-5510-32FD-B8AD-5D8D55E64A33} = {3E93E7B2-5510-32FD-B8AD-5D8D55E64A33}
		{545EE8F0-1522-379D-8533-605DB15EAAC8} = {545EE8F0-1522-379D-8533-605DB15EAAC8}
		{76AF7445-43EF-3163-AE4A-E79881C79A46} = {76AF7445-43EF-3163-AE4A-E79881C79A46}
		{5E0F5CAA-2449-33C0-9BBE-4176B60BC704} = {5E0F5CAA-2449-33C0-9BBE-4176B60BC704}
	EndProjectSection
EndProject
Project("{8BC9CEB8-8B4A-11D0-8D11-00A0C91BC942}") = "App_ExampleBrowser", "examples\ExampleBrowser\App_ExampleBrowser.vcxproj", "{4A08A83C-D73E-3665-8ACE-6983B6762131}"
	ProjectSection(ProjectDependencies) = postProject
		{E1C781D3-93F8-3E0C-93DE-571A9E521BA5} = {E1C781D3-93F8-3E0C-93DE-571A9E521BA5}
		{3E93E7B2-5510-32FD-B8AD-5D8D55E64A33} = {3E93E7B2-5510-32FD-B8AD-5D8D55E64A33}
		{545EE8F0-1522-379D-8533-605DB15EAAC8} = {545EE8F0-1522-379D-8533-605DB15EAAC8}
		{8487F12B-50B7-3D11-803E-A4EB47EB145A} = {8487F12B-50B7-3D11-803E-A4EB47EB145A}
		{7E5616EC-1BB4-37F5-BAEB-9DF9C10C5441} = {7E5616EC-1BB4-37F5-BAEB-9DF9C10C5441}
		{045E24D2-D618-3A6D-869B-C81825938D35} = {045E24D2-D618-3A6D-869B-C81825938D35}
		{C42CFF26-4DAB-3BE4-A99A-6810A5FA9429} = {C42CFF26-4DAB-3BE4-A99A-6810A5FA9429}
		{1A61EE86-4236-36D1-9D80-4F986B01CF61} = {1A61EE86-4236-36D1-9D80-4F986B01CF61}
		{76AF7445-43EF-3163-AE4A-E79881C79A46} = {76AF7445-43EF-3163-AE4A-E79881C79A46}
		{52E04F5E-AC94-360D-A345-BDABC5D5FB3E} = {52E04F5E-AC94-360D-A345-BDABC5D5FB3E}
		{5E0F5CAA-2449-33C0-9BBE-4176B60BC704} = {5E0F5CAA-2449-33C0-9BBE-4176B60BC704}
		{C0AE88E6-30AE-38FB-9A60-6AF4BBFF0D60} = {C0AE88E6-30AE-38FB-9A60-6AF4BBFF0D60}
	EndProjectSection
EndProject
Project("{8BC9CEB8-8B4A-11D0-8D11-00A0C91BC942}") = "App_HelloBulletRobotics", "examples\RobotSimulator\App_HelloBulletRobotics.vcxproj", "{66562705-C3AC-3D1E-BC30-11290AFC4B51}"
	ProjectSection(ProjectDependencies) = postProject
		{E1C781D3-93F8-3E0C-93DE-571A9E521BA5} = {E1C781D3-93F8-3E0C-93DE-571A9E521BA5}
		{3E93E7B2-5510-32FD-B8AD-5D8D55E64A33} = {3E93E7B2-5510-32FD-B8AD-5D8D55E64A33}
		{545EE8F0-1522-379D-8533-605DB15EAAC8} = {545EE8F0-1522-379D-8533-605DB15EAAC8}
		{9495A87B-D078-3F48-825E-FA24B0CA00AA} = {9495A87B-D078-3F48-825E-FA24B0CA00AA}
		{7E5616EC-1BB4-37F5-BAEB-9DF9C10C5441} = {7E5616EC-1BB4-37F5-BAEB-9DF9C10C5441}
		{045E24D2-D618-3A6D-869B-C81825938D35} = {045E24D2-D618-3A6D-869B-C81825938D35}
		{D96763F2-E067-34C7-86FD-9299CCFD57FE} = {D96763F2-E067-34C7-86FD-9299CCFD57FE}
		{C42CFF26-4DAB-3BE4-A99A-6810A5FA9429} = {C42CFF26-4DAB-3BE4-A99A-6810A5FA9429}
		{71961E1E-2DDD-32E9-8762-744B11117218} = {71961E1E-2DDD-32E9-8762-744B11117218}
		{76AF7445-43EF-3163-AE4A-E79881C79A46} = {76AF7445-43EF-3163-AE4A-E79881C79A46}
		{5E0F5CAA-2449-33C0-9BBE-4176B60BC704} = {5E0F5CAA-2449-33C0-9BBE-4176B60BC704}
	EndProjectSection
EndProject
Project("{8BC9CEB8-8B4A-11D0-8D11-00A0C91BC942}") = "App_HelloWorld", "examples\HelloWorld\App_HelloWorld.vcxproj", "{793EFC28-896B-3241-B977-FD7F68E0D7C2}"
	ProjectSection(ProjectDependencies) = postProject
		{3E93E7B2-5510-32FD-B8AD-5D8D55E64A33} = {3E93E7B2-5510-32FD-B8AD-5D8D55E64A33}
		{545EE8F0-1522-379D-8533-605DB15EAAC8} = {545EE8F0-1522-379D-8533-605DB15EAAC8}
		{76AF7445-43EF-3163-AE4A-E79881C79A46} = {76AF7445-43EF-3163-AE4A-E79881C79A46}
		{5E0F5CAA-2449-33C0-9BBE-4176B60BC704} = {5E0F5CAA-2449-33C0-9BBE-4176B60BC704}
	EndProjectSection
EndProject
Project("{8BC9CEB8-8B4A-11D0-8D11-00A0C91BC942}") = "App_PhysicsServer_SharedMemory", "examples\SharedMemory\App_PhysicsServer_SharedMemory.vcxproj", "{0FFAED46-E71C-3CF1-9EC8-49D2C32BD61A}"
	ProjectSection(ProjectDependencies) = postProject
		{E1C781D3-93F8-3E0C-93DE-571A9E521BA5} = {E1C781D3-93F8-3E0C-93DE-571A9E521BA5}
		{3E93E7B2-5510-32FD-B8AD-5D8D55E64A33} = {3E93E7B2-5510-32FD-B8AD-5D8D55E64A33}
		{545EE8F0-1522-379D-8533-605DB15EAAC8} = {545EE8F0-1522-379D-8533-605DB15EAAC8}
		{9495A87B-D078-3F48-825E-FA24B0CA00AA} = {9495A87B-D078-3F48-825E-FA24B0CA00AA}
		{7E5616EC-1BB4-37F5-BAEB-9DF9C10C5441} = {7E5616EC-1BB4-37F5-BAEB-9DF9C10C5441}
		{045E24D2-D618-3A6D-869B-C81825938D35} = {045E24D2-D618-3A6D-869B-C81825938D35}
		{C42CFF26-4DAB-3BE4-A99A-6810A5FA9429} = {C42CFF26-4DAB-3BE4-A99A-6810A5FA9429}
		{71961E1E-2DDD-32E9-8762-744B11117218} = {71961E1E-2DDD-32E9-8762-744B11117218}
		{1A61EE86-4236-36D1-9D80-4F986B01CF61} = {1A61EE86-4236-36D1-9D80-4F986B01CF61}
		{76AF7445-43EF-3163-AE4A-E79881C79A46} = {76AF7445-43EF-3163-AE4A-E79881C79A46}
		{5E0F5CAA-2449-33C0-9BBE-4176B60BC704} = {5E0F5CAA-2449-33C0-9BBE-4176B60BC704}
	EndProjectSection
EndProject
Project("{8BC9CEB8-8B4A-11D0-8D11-00A0C91BC942}") = "App_PhysicsServer_SharedMemory_GUI", "examples\SharedMemory\App_PhysicsServer_SharedMemory_GUI.vcxproj", "{73998C8C-A6BF-3F68-A983-7D5C512B4F83}"
	ProjectSection(ProjectDependencies) = postProject
		{E1C781D3-93F8-3E0C-93DE-571A9E521BA5} = {E1C781D3-93F8-3E0C-93DE-571A9E521BA5}
		{3E93E7B2-5510-32FD-B8AD-5D8D55E64A33} = {3E93E7B2-5510-32FD-B8AD-5D8D55E64A33}
		{545EE8F0-1522-379D-8533-605DB15EAAC8} = {545EE8F0-1522-379D-8533-605DB15EAAC8}
		{9495A87B-D078-3F48-825E-FA24B0CA00AA} = {9495A87B-D078-3F48-825E-FA24B0CA00AA}
		{7E5616EC-1BB4-37F5-BAEB-9DF9C10C5441} = {7E5616EC-1BB4-37F5-BAEB-9DF9C10C5441}
		{045E24D2-D618-3A6D-869B-C81825938D35} = {045E24D2-D618-3A6D-869B-C81825938D35}
		{C42CFF26-4DAB-3BE4-A99A-6810A5FA9429} = {C42CFF26-4DAB-3BE4-A99A-6810A5FA9429}
		{71961E1E-2DDD-32E9-8762-744B11117218} = {71961E1E-2DDD-32E9-8762-744B11117218}
		{1A61EE86-4236-36D1-9D80-4F986B01CF61} = {1A61EE86-4236-36D1-9D80-4F986B01CF61}
		{76AF7445-43EF-3163-AE4A-E79881C79A46} = {76AF7445-43EF-3163-AE4A-E79881C79A46}
		{52E04F5E-AC94-360D-A345-BDABC5D5FB3E} = {52E04F5E-AC94-360D-A345-BDABC5D5FB3E}
		{5E0F5CAA-2449-33C0-9BBE-4176B60BC704} = {5E0F5CAA-2449-33C0-9BBE-4176B60BC704}
	EndProjectSection
EndProject
Project("{8BC9CEB8-8B4A-11D0-8D11-00A0C91BC942}") = "App_RobotSimulator", "examples\RobotSimulator\App_RobotSimulator.vcxproj", "{6ACD3337-2C62-312F-8C6B-344454D486AC}"
	ProjectSection(ProjectDependencies) = postProject
		{E1C781D3-93F8-3E0C-93DE-571A9E521BA5} = {E1C781D3-93F8-3E0C-93DE-571A9E521BA5}
		{3E93E7B2-5510-32FD-B8AD-5D8D55E64A33} = {3E93E7B2-5510-32FD-B8AD-5D8D55E64A33}
		{545EE8F0-1522-379D-8533-605DB15EAAC8} = {545EE8F0-1522-379D-8533-605DB15EAAC8}
		{8487F12B-50B7-3D11-803E-A4EB47EB145A} = {8487F12B-50B7-3D11-803E-A4EB47EB145A}
		{9495A87B-D078-3F48-825E-FA24B0CA00AA} = {9495A87B-D078-3F48-825E-FA24B0CA00AA}
		{7E5616EC-1BB4-37F5-BAEB-9DF9C10C5441} = {7E5616EC-1BB4-37F5-BAEB-9DF9C10C5441}
		{045E24D2-D618-3A6D-869B-C81825938D35} = {045E24D2-D618-3A6D-869B-C81825938D35}
		{D96763F2-E067-34C7-86FD-9299CCFD57FE} = {D96763F2-E067-34C7-86FD-9299CCFD57FE}
		{C42CFF26-4DAB-3BE4-A99A-6810A5FA9429} = {C42CFF26-4DAB-3BE4-A99A-6810A5FA9429}
		{71961E1E-2DDD-32E9-8762-744B11117218} = {71961E1E-2DDD-32E9-8762-744B11117218}
		{76AF7445-43EF-3163-AE4A-E79881C79A46} = {76AF7445-43EF-3163-AE4A-E79881C79A46}
		{52E04F5E-AC94-360D-A345-BDABC5D5FB3E} = {52E04F5E-AC94-360D-A345-BDABC5D5FB3E}
		{5E0F5CAA-2449-33C0-9BBE-4176B60BC704} = {5E0F5CAA-2449-33C0-9BBE-4176B60BC704}
		{C0AE88E6-30AE-38FB-9A60-6AF4BBFF0D60} = {C0AE88E6-30AE-38FB-9A60-6AF4BBFF0D60}
	EndProjectSection
EndProject
Project("{8BC9CEB8-8B4A-11D0-8D11-00A0C91BC942}") = "App_RobotSimulator_NoGUI", "examples\RobotSimulator\App_RobotSimulator_NoGUI.vcxproj", "{579F6937-DD8F-3305-BE04-045F8EBA80B4}"
	ProjectSection(ProjectDependencies) = postProject
		{E1C781D3-93F8-3E0C-93DE-571A9E521BA5} = {E1C781D3-93F8-3E0C-93DE-571A9E521BA5}
		{3E93E7B2-5510-32FD-B8AD-5D8D55E64A33} = {3E93E7B2-5510-32FD-B8AD-5D8D55E64A33}
		{545EE8F0-1522-379D-8533-605DB15EAAC8} = {545EE8F0-1522-379D-8533-605DB15EAAC8}
		{9495A87B-D078-3F48-825E-FA24B0CA00AA} = {9495A87B-D078-3F48-825E-FA24B0CA00AA}
		{7E5616EC-1BB4-37F5-BAEB-9DF9C10C5441} = {7E5616EC-1BB4-37F5-BAEB-9DF9C10C5441}
		{045E24D2-D618-3A6D-869B-C81825938D35} = {045E24D2-D618-3A6D-869B-C81825938D35}
		{D96763F2-E067-34C7-86FD-9299CCFD57FE} = {D96763F2-E067-34C7-86FD-9299CCFD57FE}
		{C42CFF26-4DAB-3BE4-A99A-6810A5FA9429} = {C42CFF26-4DAB-3BE4-A99A-6810A5FA9429}
		{71961E1E-2DDD-32E9-8762-744B11117218} = {71961E1E-2DDD-32E9-8762-744B11117218}
		{76AF7445-43EF-3163-AE4A-E79881C79A46} = {76AF7445-43EF-3163-AE4A-E79881C79A46}
		{5E0F5CAA-2449-33C0-9BBE-4176B60BC704} = {5E0F5CAA-2449-33C0-9BBE-4176B60BC704}
	EndProjectSection
EndProject
Project("{8BC9CEB8-8B4A-11D0-8D11-00A0C91BC942}") = "App_TwoJoint", "examples\TwoJoint\App_TwoJoint.vcxproj", "{85D072D0-56DB-386D-966F-3A0A10282A14}"
	ProjectSection(ProjectDependencies) = postProject
		{E1C781D3-93F8-3E0C-93DE-571A9E521BA5} = {E1C781D3-93F8-3E0C-93DE-571A9E521BA5}
		{3E93E7B2-5510-32FD-B8AD-5D8D55E64A33} = {3E93E7B2-5510-32FD-B8AD-5D8D55E64A33}
		{545EE8F0-1522-379D-8533-605DB15EAAC8} = {545EE8F0-1522-379D-8533-605DB15EAAC8}
		{8487F12B-50B7-3D11-803E-A4EB47EB145A} = {8487F12B-50B7-3D11-803E-A4EB47EB145A}
		{9495A87B-D078-3F48-825E-FA24B0CA00AA} = {9495A87B-D078-3F48-825E-FA24B0CA00AA}
		{7E5616EC-1BB4-37F5-BAEB-9DF9C10C5441} = {7E5616EC-1BB4-37F5-BAEB-9DF9C10C5441}
		{045E24D2-D618-3A6D-869B-C81825938D35} = {045E24D2-D618-3A6D-869B-C81825938D35}
		{C42CFF26-4DAB-3BE4-A99A-6810A5FA9429} = {C42CFF26-4DAB-3BE4-A99A-6810A5FA9429}
		{71961E1E-2DDD-32E9-8762-744B11117218} = {71961E1E-2DDD-32E9-8762-744B11117218}
		{1A61EE86-4236-36D1-9D80-4F986B01CF61} = {1A61EE86-4236-36D1-9D80-4F986B01CF61}
		{76AF7445-43EF-3163-AE4A-E79881C79A46} = {76AF7445-43EF-3163-AE4A-E79881C79A46}
		{52E04F5E-AC94-360D-A345-BDABC5D5FB3E} = {52E04F5E-AC94-360D-A345-BDABC5D5FB3E}
		{5E0F5CAA-2449-33C0-9BBE-4176B60BC704} = {5E0F5CAA-2449-33C0-9BBE-4176B60BC704}
		{C0AE88E6-30AE-38FB-9A60-6AF4BBFF0D60} = {C0AE88E6-30AE-38FB-9A60-6AF4BBFF0D60}
	EndProjectSection
EndProject
Project("{8BC9CEB8-8B4A-11D0-8D11-00A0C91BC942}") = "App_obj2sdf", "Extras\obj2sdf\App_obj2sdf.vcxproj", "{F8CBFCA3-F248-33BF-A68E-C8B2C77E29EA}"
	ProjectSection(ProjectDependencies) = postProject
		{E1C781D3-93F8-3E0C-93DE-571A9E521BA5} = {E1C781D3-93F8-3E0C-93DE-571A9E521BA5}
		{5E0F5CAA-2449-33C0-9BBE-4176B60BC704} = {5E0F5CAA-2449-33C0-9BBE-4176B60BC704}
	EndProjectSection
EndProject
Project("{8BC9CEB8-8B4A-11D0-8D11-00A0C91BC942}") = "Bullet2FileLoader", "src\Bullet3Serialize\Bullet2FileLoader\Bullet2FileLoader.vcxproj", "{9000E05C-0E6E-3949-9F0A-BE238B612A9C}"
	ProjectSection(ProjectDependencies) = postProject
		{5E0F5CAA-2449-33C0-9BBE-4176B60BC704} = {5E0F5CAA-2449-33C0-9BBE-4176B60BC704}
	EndProjectSection
EndProject
Project("{8BC9CEB8-8B4A-11D0-8D11-00A0C91BC942}") = "Bullet3Collision", "src\Bullet3Collision\Bullet3Collision.vcxproj", "{F70AEE6C-DE3F-3EFB-B189-476D34D9F1FF}"
	ProjectSection(ProjectDependencies) = postProject
		{5E0F5CAA-2449-33C0-9BBE-4176B60BC704} = {5E0F5CAA-2449-33C0-9BBE-4176B60BC704}
	EndProjectSection
EndProject
Project("{8BC9CEB8-8B4A-11D0-8D11-00A0C91BC942}") = "Bullet3Common", "src\Bullet3Common\Bullet3Common.vcxproj", "{E1C781D3-93F8-3E0C-93DE-571A9E521BA5}"
	ProjectSection(ProjectDependencies) = postProject
		{5E0F5CAA-2449-33C0-9BBE-4176B60BC704} = {5E0F5CAA-2449-33C0-9BBE-4176B60BC704}
	EndProjectSection
EndProject
Project("{8BC9CEB8-8B4A-11D0-8D11-00A0C91BC942}") = "Bullet3Dynamics", "src\Bullet3Dynamics\Bullet3Dynamics.vcxproj", "{06A9BE13-9393-373D-BB9E-5CBC3290D33D}"
	ProjectSection(ProjectDependencies) = postProject
		{5E0F5CAA-2449-33C0-9BBE-4176B60BC704} = {5E0F5CAA-2449-33C0-9BBE-4176B60BC704}
	EndProjectSection
EndProject
Project("{8BC9CEB8-8B4A-11D0-8D11-00A0C91BC942}") = "Bullet3Geometry", "src\Bullet3Geometry\Bullet3Geometry.vcxproj", "{345E97BE-C12A-35A8-BA49-C70955C428A1}"
	ProjectSection(ProjectDependencies) = postProject
		{5E0F5CAA-2449-33C0-9BBE-4176B60BC704} = {5E0F5CAA-2449-33C0-9BBE-4176B60BC704}
	EndProjectSection
EndProject
Project("{8BC9CEB8-8B4A-11D0-8D11-00A0C91BC942}") = "Bullet3OpenCL_clew", "src\Bullet3OpenCL\Bullet3OpenCL_clew.vcxproj", "{13CAB9E5-F295-335B-ABCC-20803F7A1994}"
	ProjectSection(ProjectDependencies) = postProject
		{5E0F5CAA-2449-33C0-9BBE-4176B60BC704} = {5E0F5CAA-2449-33C0-9BBE-4176B60BC704}
	EndProjectSection
EndProject
Project("{8BC9CEB8-8B4A-11D0-8D11-00A0C91BC942}") = "BulletCollision", "src\BulletCollision\BulletCollision.vcxproj", "{3E93E7B2-5510-32FD-B8AD-5D8D55E64A33}"
	ProjectSection(ProjectDependencies) = postProject
		{5E0F5CAA-2449-33C0-9BBE-4176B60BC704} = {5E0F5CAA-2449-33C0-9BBE-4176B60BC704}
	EndProjectSection
EndProject
Project("{8BC9CEB8-8B4A-11D0-8D11-00A0C91BC942}") = "BulletDynamics", "src\BulletDynamics\BulletDynamics.vcxproj", "{545EE8F0-1522-379D-8533-605DB15EAAC8}"
	ProjectSection(ProjectDependencies) = postProject
		{5E0F5CAA-2449-33C0-9BBE-4176B60BC704} = {5E0F5CAA-2449-33C0-9BBE-4176B60BC704}
	EndProjectSection
EndProject
Project("{8BC9CEB8-8B4A-11D0-8D11-00A0C91BC942}") = "BulletExampleBrowserLib", "examples\ExampleBrowser\BulletExampleBrowserLib.vcxproj", "{8487F12B-50B7-3D11-803E-A4EB47EB145A}"
	ProjectSection(ProjectDependencies) = postProject
		{5E0F5CAA-2449-33C0-9BBE-4176B60BC704} = {5E0F5CAA-2449-33C0-9BBE-4176B60BC704}
	EndProjectSection
EndProject
Project("{8BC9CEB8-8B4A-11D0-8D11-00A0C91BC942}") = "BulletFileLoader", "Extras\Serialize\BulletFileLoader\BulletFileLoader.vcxproj", "{9495A87B-D078-3F48-825E-FA24B0CA00AA}"
	ProjectSection(ProjectDependencies) = postProject
		{5E0F5CAA-2449-33C0-9BBE-4176B60BC704} = {5E0F5CAA-2449-33C0-9BBE-4176B60BC704}
	EndProjectSection
EndProject
Project("{8BC9CEB8-8B4A-11D0-8D11-00A0C91BC942}") = "BulletInverseDynamics", "src\BulletInverseDynamics\BulletInverseDynamics.vcxproj", "{7E5616EC-1BB4-37F5-BAEB-9DF9C10C5441}"
	ProjectSection(ProjectDependencies) = postProject
		{5E0F5CAA-2449-33C0-9BBE-4176B60BC704} = {5E0F5CAA-2449-33C0-9BBE-4176B60BC704}
	EndProjectSection
EndProject
Project("{8BC9CEB8-8B4A-11D0-8D11-00A0C91BC942}") = "BulletInverseDynamicsUtils", "Extras\InverseDynamics\BulletInverseDynamicsUtils.vcxproj", "{045E24D2-D618-3A6D-869B-C81825938D35}"
	ProjectSection(ProjectDependencies) = postProject
		{5E0F5CAA-2449-33C0-9BBE-4176B60BC704} = {5E0F5CAA-2449-33C0-9BBE-4176B60BC704}
	EndProjectSection
EndProject
Project("{8BC9CEB8-8B4A-11D0-8D11-00A0C91BC942}") = "BulletRobotics", "Extras\BulletRobotics\BulletRobotics.vcxproj", "{D96763F2-E067-34C7-86FD-9299CCFD57FE}"
	ProjectSection(ProjectDependencies) = postProject
		{5E0F5CAA-2449-33C0-9BBE-4176B60BC704} = {5E0F5CAA-2449-33C0-9BBE-4176B60BC704}
	EndProjectSection
EndProject
Project("{8BC9CEB8-8B4A-11D0-8D11-00A0C91BC942}") = "BulletRoboticsGUI", "Extras\BulletRoboticsGUI\BulletRoboticsGUI.vcxproj", "{09AEFFEA-D913-3364-B0F4-9E00F900B045}"
	ProjectSection(ProjectDependencies) = postProject
		{5E0F5CAA-2449-33C0-9BBE-4176B60BC704} = {5E0F5CAA-2449-33C0-9BBE-4176B60BC704}
	EndProjectSection
EndProject
Project("{8BC9CEB8-8B4A-11D0-8D11-00A0C91BC942}") = "BulletSoftBody", "src\BulletSoftBody\BulletSoftBody.vcxproj", "{C42CFF26-4DAB-3BE4-A99A-6810A5FA9429}"
	ProjectSection(ProjectDependencies) = postProject
		{5E0F5CAA-2449-33C0-9BBE-4176B60BC704} = {5E0F5CAA-2449-33C0-9BBE-4176B60BC704}
	EndProjectSection
EndProject
Project("{8BC9CEB8-8B4A-11D0-8D11-00A0C91BC942}") = "BulletWorldImporter", "Extras\Serialize\BulletWorldImporter\BulletWorldImporter.vcxproj", "{71961E1E-2DDD-32E9-8762-744B11117218}"
	ProjectSection(ProjectDependencies) = postProject
		{5E0F5CAA-2449-33C0-9BBE-4176B60BC704} = {5E0F5CAA-2449-33C0-9BBE-4176B60BC704}
	EndProjectSection
EndProject
Project("{8BC9CEB8-8B4A-11D0-8D11-00A0C91BC942}") = "BulletXmlWorldImporter", "Extras\Serialize\BulletXmlWorldImporter\BulletXmlWorldImporter.vcxproj", "{6AC65D4A-2813-387D-A2C1-415067A2ADC1}"
	ProjectSection(ProjectDependencies) = postProject
		{5E0F5CAA-2449-33C0-9BBE-4176B60BC704} = {5E0F5CAA-2449-33C0-9BBE-4176B60BC704}
	EndProjectSection
EndProject
Project("{8BC9CEB8-8B4A-11D0-8D11-00A0C91BC942}") = "BussIK", "examples\ThirdPartyLibs\BussIK\BussIK.vcxproj", "{1A61EE86-4236-36D1-9D80-4F986B01CF61}"
	ProjectSection(ProjectDependencies) = postProject
		{5E0F5CAA-2449-33C0-9BBE-4176B60BC704} = {5E0F5CAA-2449-33C0-9BBE-4176B60BC704}
	EndProjectSection
EndProject
Project("{8BC9CEB8-8B4A-11D0-8D11-00A0C91BC942}") = "ConvexDecomposition", "Extras\ConvexDecomposition\ConvexDecomposition.vcxproj", "{77CA5CEC-38BC-3F93-8EA2-85837E2B2D16}"
	ProjectSection(ProjectDependencies) = postProject
		{5E0F5CAA-2449-33C0-9BBE-4176B60BC704} = {5E0F5CAA-2449-33C0-9BBE-4176B60BC704}
	EndProjectSection
EndProject
Project("{8BC9CEB8-8B4A-11D0-8D11-00A0C91BC942}") = "GIMPACTUtils", "Extras\GIMPACTUtils\GIMPACTUtils.vcxproj", "{196F3812-C010-3DD1-81A9-13DC5EE387AA}"
	ProjectSection(ProjectDependencies) = postProject
		{5E0F5CAA-2449-33C0-9BBE-4176B60BC704} = {5E0F5CAA-2449-33C0-9BBE-4176B60BC704}
	EndProjectSection
EndProject
Project("{8BC9CEB8-8B4A-11D0-8D11-00A0C91BC942}") = "HACD", "Extras\HACD\HACD.vcxproj", "{E0786B0D-2CF6-3A2F-9A25-808F74D14B54}"
	ProjectSection(ProjectDependencies) = postProject
		{5E0F5CAA-2449-33C0-9BBE-4176B60BC704} = {5E0F5CAA-2449-33C0-9BBE-4176B60BC704}
	EndProjectSection
EndProject
Project("{8BC9CEB8-8B4A-11D0-8D11-00A0C91BC942}") = "INSTALL", "INSTALL.vcxproj", "{31702BD9-29F5-39A4-97AB-55B158E01EA0}"
	ProjectSection(ProjectDependencies) = postProject
		{1BBFD4F0-8AA0-33D4-9405-51368ED564CD} = {1BBFD4F0-8AA0-33D4-9405-51368ED564CD}
		{5E0F5CAA-2449-33C0-9BBE-4176B60BC704} = {5E0F5CAA-2449-33C0-9BBE-4176B60BC704}
	EndProjectSection
EndProject
Project("{8BC9CEB8-8B4A-11D0-8D11-00A0C91BC942}") = "LinearMath", "src\LinearMath\LinearMath.vcxproj", "{76AF7445-43EF-3163-AE4A-E79881C79A46}"
	ProjectSection(ProjectDependencies) = postProject
		{5E0F5CAA-2449-33C0-9BBE-4176B60BC704} = {5E0F5CAA-2449-33C0-9BBE-4176B60BC704}
	EndProjectSection
EndProject
Project("{8BC9CEB8-8B4A-11D0-8D11-00A0C91BC942}") = "OpenGLWindow", "examples\OpenGLWindow\OpenGLWindow.vcxproj", "{52E04F5E-AC94-360D-A345-BDABC5D5FB3E}"
	ProjectSection(ProjectDependencies) = postProject
		{5E0F5CAA-2449-33C0-9BBE-4176B60BC704} = {5E0F5CAA-2449-33C0-9BBE-4176B60BC704}
	EndProjectSection
EndProject
Project("{8BC9CEB8-8B4A-11D0-8D11-00A0C91BC942}") = "RUN_TESTS", "RUN_TESTS.vcxproj", "{B5253E76-DB44-3064-919F-D9CB0EEF267E}"
	ProjectSection(ProjectDependencies) = postProject
		{5E0F5CAA-2449-33C0-9BBE-4176B60BC704} = {5E0F5CAA-2449-33C0-9BBE-4176B60BC704}
	EndProjectSection
EndProject
Project("{8BC9CEB8-8B4A-11D0-8D11-00A0C91BC942}") = "Test_BulletDynamics", "test\BulletDynamics\pendulum\Test_BulletDynamics.vcxproj", "{1BB6464A-15DB-39F3-8CB4-3B6ED6792A13}"
	ProjectSection(ProjectDependencies) = postProject
		{3E93E7B2-5510-32FD-B8AD-5D8D55E64A33} = {3E93E7B2-5510-32FD-B8AD-5D8D55E64A33}
		{545EE8F0-1522-379D-8533-605DB15EAAC8} = {545EE8F0-1522-379D-8533-605DB15EAAC8}
		{76AF7445-43EF-3163-AE4A-E79881C79A46} = {76AF7445-43EF-3163-AE4A-E79881C79A46}
		{5E0F5CAA-2449-33C0-9BBE-4176B60BC704} = {5E0F5CAA-2449-33C0-9BBE-4176B60BC704}
		{B8B7DEC1-D7B3-36AB-AA4A-1FDB7F669FD1} = {B8B7DEC1-D7B3-36AB-AA4A-1FDB7F669FD1}
	EndProjectSection
EndProject
Project("{8BC9CEB8-8B4A-11D0-8D11-00A0C91BC942}") = "Test_BulletInverseDynamics", "test\InverseDynamics\Test_BulletInverseDynamics.vcxproj", "{907A9455-74FA-3966-9902-D118DF58993A}"
	ProjectSection(ProjectDependencies) = postProject
		{E1C781D3-93F8-3E0C-93DE-571A9E521BA5} = {E1C781D3-93F8-3E0C-93DE-571A9E521BA5}
		{3E93E7B2-5510-32FD-B8AD-5D8D55E64A33} = {3E93E7B2-5510-32FD-B8AD-5D8D55E64A33}
		{545EE8F0-1522-379D-8533-605DB15EAAC8} = {545EE8F0-1522-379D-8533-605DB15EAAC8}
		{7E5616EC-1BB4-37F5-BAEB-9DF9C10C5441} = {7E5616EC-1BB4-37F5-BAEB-9DF9C10C5441}
		{045E24D2-D618-3A6D-869B-C81825938D35} = {045E24D2-D618-3A6D-869B-C81825938D35}
		{76AF7445-43EF-3163-AE4A-E79881C79A46} = {76AF7445-43EF-3163-AE4A-E79881C79A46}
		{5E0F5CAA-2449-33C0-9BBE-4176B60BC704} = {5E0F5CAA-2449-33C0-9BBE-4176B60BC704}
		{B8B7DEC1-D7B3-36AB-AA4A-1FDB7F669FD1} = {B8B7DEC1-D7B3-36AB-AA4A-1FDB7F669FD1}
	EndProjectSection
EndProject
Project("{8BC9CEB8-8B4A-11D0-8D11-00A0C91BC942}") = "Test_BulletInverseDynamicsJacobian", "test\InverseDynamics\Test_BulletInverseDynamicsJacobian.vcxproj", "{2BD04F9D-75F5-3C88-8F4A-11E526CD131D}"
	ProjectSection(ProjectDependencies) = postProject
		{E1C781D3-93F8-3E0C-93DE-571A9E521BA5} = {E1C781D3-93F8-3E0C-93DE-571A9E521BA5}
		{7E5616EC-1BB4-37F5-BAEB-9DF9C10C5441} = {7E5616EC-1BB4-37F5-BAEB-9DF9C10C5441}
		{045E24D2-D618-3A6D-869B-C81825938D35} = {045E24D2-D618-3A6D-869B-C81825938D35}
		{76AF7445-43EF-3163-AE4A-E79881C79A46} = {76AF7445-43EF-3163-AE4A-E79881C79A46}
		{5E0F5CAA-2449-33C0-9BBE-4176B60BC704} = {5E0F5CAA-2449-33C0-9BBE-4176B60BC704}
		{B8B7DEC1-D7B3-36AB-AA4A-1FDB7F669FD1} = {B8B7DEC1-D7B3-36AB-AA4A-1FDB7F669FD1}
	EndProjectSection
EndProject
Project("{8BC9CEB8-8B4A-11D0-8D11-00A0C91BC942}") = "Test_BulletInverseForwardDynamics", "test\InverseDynamics\Test_BulletInverseForwardDynamics.vcxproj", "{732D0B1F-FD04-32DE-BAFC-E0F27B66F123}"
	ProjectSection(ProjectDependencies) = postProject
		{E1C781D3-93F8-3E0C-93DE-571A9E521BA5} = {E1C781D3-93F8-3E0C-93DE-571A9E521BA5}
		{3E93E7B2-5510-32FD-B8AD-5D8D55E64A33} = {3E93E7B2-5510-32FD-B8AD-5D8D55E64A33}
		{545EE8F0-1522-379D-8533-605DB15EAAC8} = {545EE8F0-1522-379D-8533-605DB15EAAC8}
		{7E5616EC-1BB4-37F5-BAEB-9DF9C10C5441} = {7E5616EC-1BB4-37F5-BAEB-9DF9C10C5441}
		{045E24D2-D618-3A6D-869B-C81825938D35} = {045E24D2-D618-3A6D-869B-C81825938D35}
		{76AF7445-43EF-3163-AE4A-E79881C79A46} = {76AF7445-43EF-3163-AE4A-E79881C79A46}
		{5E0F5CAA-2449-33C0-9BBE-4176B60BC704} = {5E0F5CAA-2449-33C0-9BBE-4176B60BC704}
		{B8B7DEC1-D7B3-36AB-AA4A-1FDB7F669FD1} = {B8B7DEC1-D7B3-36AB-AA4A-1FDB7F669FD1}
	EndProjectSection
EndProject
Project("{8BC9CEB8-8B4A-11D0-8D11-00A0C91BC942}") = "Test_Collision", "test\collision\Test_Collision.vcxproj", "{9EF810AD-C31C-34F9-9CF0-B98F734D647C}"
	ProjectSection(ProjectDependencies) = postProject
		{76AF7445-43EF-3163-AE4A-E79881C79A46} = {76AF7445-43EF-3163-AE4A-E79881C79A46}
		{5E0F5CAA-2449-33C0-9BBE-4176B60BC704} = {5E0F5CAA-2449-33C0-9BBE-4176B60BC704}
		{B8B7DEC1-D7B3-36AB-AA4A-1FDB7F669FD1} = {B8B7DEC1-D7B3-36AB-AA4A-1FDB7F669FD1}
	EndProjectSection
EndProject
Project("{8BC9CEB8-8B4A-11D0-8D11-00A0C91BC942}") = "Test_PhysicsClientServer", "test\SharedMemory\Test_PhysicsClientServer.vcxproj", "{E8A71FF5-B584-332F-A12F-E4D2D31ADFCC}"
	ProjectSection(ProjectDependencies) = postProject
		{E1C781D3-93F8-3E0C-93DE-571A9E521BA5} = {E1C781D3-93F8-3E0C-93DE-571A9E521BA5}
		{3E93E7B2-5510-32FD-B8AD-5D8D55E64A33} = {3E93E7B2-5510-32FD-B8AD-5D8D55E64A33}
		{545EE8F0-1522-379D-8533-605DB15EAAC8} = {545EE8F0-1522-379D-8533-605DB15EAAC8}
		{9495A87B-D078-3F48-825E-FA24B0CA00AA} = {9495A87B-D078-3F48-825E-FA24B0CA00AA}
		{7E5616EC-1BB4-37F5-BAEB-9DF9C10C5441} = {7E5616EC-1BB4-37F5-BAEB-9DF9C10C5441}
		{045E24D2-D618-3A6D-869B-C81825938D35} = {045E24D2-D618-3A6D-869B-C81825938D35}
		{C42CFF26-4DAB-3BE4-A99A-6810A5FA9429} = {C42CFF26-4DAB-3BE4-A99A-6810A5FA9429}
		{71961E1E-2DDD-32E9-8762-744B11117218} = {71961E1E-2DDD-32E9-8762-744B11117218}
		{1A61EE86-4236-36D1-9D80-4F986B01CF61} = {1A61EE86-4236-36D1-9D80-4F986B01CF61}
		{76AF7445-43EF-3163-AE4A-E79881C79A46} = {76AF7445-43EF-3163-AE4A-E79881C79A46}
		{5E0F5CAA-2449-33C0-9BBE-4176B60BC704} = {5E0F5CAA-2449-33C0-9BBE-4176B60BC704}
		{B8B7DEC1-D7B3-36AB-AA4A-1FDB7F669FD1} = {B8B7DEC1-D7B3-36AB-AA4A-1FDB7F669FD1}
	EndProjectSection
EndProject
Project("{8BC9CEB8-8B4A-11D0-8D11-00A0C91BC942}") = "Test_btKinematicCharacterController", "test\BulletDynamics\Test_btKinematicCharacterController.vcxproj", "{7B55C6F5-B862-3FDD-B693-7646478C8148}"
	ProjectSection(ProjectDependencies) = postProject
		{3E93E7B2-5510-32FD-B8AD-5D8D55E64A33} = {3E93E7B2-5510-32FD-B8AD-5D8D55E64A33}
		{545EE8F0-1522-379D-8533-605DB15EAAC8} = {545EE8F0-1522-379D-8533-605DB15EAAC8}
		{76AF7445-43EF-3163-AE4A-E79881C79A46} = {76AF7445-43EF-3163-AE4A-E79881C79A46}
		{5E0F5CAA-2449-33C0-9BBE-4176B60BC704} = {5E0F5CAA-2449-33C0-9BBE-4176B60BC704}
		{B8B7DEC1-D7B3-36AB-AA4A-1FDB7F669FD1} = {B8B7DEC1-D7B3-36AB-AA4A-1FDB7F669FD1}
	EndProjectSection
EndProject
Project("{8BC9CEB8-8B4A-11D0-8D11-00A0C91BC942}") = "ZERO_CHECK", "ZERO_CHECK.vcxproj", "{5E0F5CAA-2449-33C0-9BBE-4176B60BC704}"
	ProjectSection(ProjectDependencies) = postProject
	EndProjectSection
EndProject
Project("{8BC9CEB8-8B4A-11D0-8D11-00A0C91BC942}") = "clsocket", "examples\ThirdPartyLibs\clsocket\clsocket.vcxproj", "{9E8B8800-FF44-333E-82C5-BA105EDF2066}"
	ProjectSection(ProjectDependencies) = postProject
		{5E0F5CAA-2449-33C0-9BBE-4176B60BC704} = {5E0F5CAA-2449-33C0-9BBE-4176B60BC704}
	EndProjectSection
EndProject
Project("{8BC9CEB8-8B4A-11D0-8D11-00A0C91BC942}") = "gtest", "test\gtest-1.7.0\gtest.vcxproj", "{B8B7DEC1-D7B3-36AB-AA4A-1FDB7F669FD1}"
	ProjectSection(ProjectDependencies) = postProject
		{5E0F5CAA-2449-33C0-9BBE-4176B60BC704} = {5E0F5CAA-2449-33C0-9BBE-4176B60BC704}
	EndProjectSection
EndProject
Project("{8BC9CEB8-8B4A-11D0-8D11-00A0C91BC942}") = "gwen", "examples\ThirdPartyLibs\Gwen\gwen.vcxproj", "{C0AE88E6-30AE-38FB-9A60-6AF4BBFF0D60}"
	ProjectSection(ProjectDependencies) = postProject
		{5E0F5CAA-2449-33C0-9BBE-4176B60BC704} = {5E0F5CAA-2449-33C0-9BBE-4176B60BC704}
	EndProjectSection
EndProject
Global
	GlobalSection(SolutionConfigurationPlatforms) = preSolution
		Debug|Win32 = Debug|Win32
		Release|Win32 = Release|Win32
		MinSizeRel|Win32 = MinSizeRel|Win32
		RelWithDebInfo|Win32 = RelWithDebInfo|Win32
	EndGlobalSection
	GlobalSection(ProjectConfigurationPlatforms) = postSolution
		{1BBFD4F0-8AA0-33D4-9405-51368ED564CD}.Debug|Win32.ActiveCfg = Debug|Win32
		{1BBFD4F0-8AA0-33D4-9405-51368ED564CD}.Debug|Win32.Build.0 = Debug|Win32
		{1BBFD4F0-8AA0-33D4-9405-51368ED564CD}.Release|Win32.ActiveCfg = Release|Win32
		{1BBFD4F0-8AA0-33D4-9405-51368ED564CD}.Release|Win32.Build.0 = Release|Win32
		{1BBFD4F0-8AA0-33D4-9405-51368ED564CD}.MinSizeRel|Win32.ActiveCfg = MinSizeRel|Win32
		{1BBFD4F0-8AA0-33D4-9405-51368ED564CD}.MinSizeRel|Win32.Build.0 = MinSizeRel|Win32
		{1BBFD4F0-8AA0-33D4-9405-51368ED564CD}.RelWithDebInfo|Win32.ActiveCfg = RelWithDebInfo|Win32
		{1BBFD4F0-8AA0-33D4-9405-51368ED564CD}.RelWithDebInfo|Win32.Build.0 = RelWithDebInfo|Win32
		{C22AD396-F18E-35DE-8D43-A99C33C9BBC9}.Debug|Win32.ActiveCfg = Debug|Win32
		{C22AD396-F18E-35DE-8D43-A99C33C9BBC9}.Debug|Win32.Build.0 = Debug|Win32
		{C22AD396-F18E-35DE-8D43-A99C33C9BBC9}.Release|Win32.ActiveCfg = Release|Win32
		{C22AD396-F18E-35DE-8D43-A99C33C9BBC9}.Release|Win32.Build.0 = Release|Win32
		{C22AD396-F18E-35DE-8D43-A99C33C9BBC9}.MinSizeRel|Win32.ActiveCfg = MinSizeRel|Win32
		{C22AD396-F18E-35DE-8D43-A99C33C9BBC9}.MinSizeRel|Win32.Build.0 = MinSizeRel|Win32
		{C22AD396-F18E-35DE-8D43-A99C33C9BBC9}.RelWithDebInfo|Win32.ActiveCfg = RelWithDebInfo|Win32
		{C22AD396-F18E-35DE-8D43-A99C33C9BBC9}.RelWithDebInfo|Win32.Build.0 = RelWithDebInfo|Win32
		{52DC1F63-9499-308D-AE7F-5739B7DDB39A}.Debug|Win32.ActiveCfg = Debug|Win32
		{52DC1F63-9499-308D-AE7F-5739B7DDB39A}.Debug|Win32.Build.0 = Debug|Win32
		{52DC1F63-9499-308D-AE7F-5739B7DDB39A}.Release|Win32.ActiveCfg = Release|Win32
		{52DC1F63-9499-308D-AE7F-5739B7DDB39A}.Release|Win32.Build.0 = Release|Win32
		{52DC1F63-9499-308D-AE7F-5739B7DDB39A}.MinSizeRel|Win32.ActiveCfg = MinSizeRel|Win32
		{52DC1F63-9499-308D-AE7F-5739B7DDB39A}.MinSizeRel|Win32.Build.0 = MinSizeRel|Win32
		{52DC1F63-9499-308D-AE7F-5739B7DDB39A}.RelWithDebInfo|Win32.ActiveCfg = RelWithDebInfo|Win32
		{52DC1F63-9499-308D-AE7F-5739B7DDB39A}.RelWithDebInfo|Win32.Build.0 = RelWithDebInfo|Win32
		{4A08A83C-D73E-3665-8ACE-6983B6762131}.Debug|Win32.ActiveCfg = Debug|Win32
		{4A08A83C-D73E-3665-8ACE-6983B6762131}.Debug|Win32.Build.0 = Debug|Win32
		{4A08A83C-D73E-3665-8ACE-6983B6762131}.Release|Win32.ActiveCfg = Release|Win32
		{4A08A83C-D73E-3665-8ACE-6983B6762131}.Release|Win32.Build.0 = Release|Win32
		{4A08A83C-D73E-3665-8ACE-6983B6762131}.MinSizeRel|Win32.ActiveCfg = MinSizeRel|Win32
		{4A08A83C-D73E-3665-8ACE-6983B6762131}.MinSizeRel|Win32.Build.0 = MinSizeRel|Win32
		{4A08A83C-D73E-3665-8ACE-6983B6762131}.RelWithDebInfo|Win32.ActiveCfg = RelWithDebInfo|Win32
		{4A08A83C-D73E-3665-8ACE-6983B6762131}.RelWithDebInfo|Win32.Build.0 = RelWithDebInfo|Win32
		{66562705-C3AC-3D1E-BC30-11290AFC4B51}.Debug|Win32.ActiveCfg = Debug|Win32
		{66562705-C3AC-3D1E-BC30-11290AFC4B51}.Debug|Win32.Build.0 = Debug|Win32
		{66562705-C3AC-3D1E-BC30-11290AFC4B51}.Release|Win32.ActiveCfg = Release|Win32
		{66562705-C3AC-3D1E-BC30-11290AFC4B51}.Release|Win32.Build.0 = Release|Win32
		{66562705-C3AC-3D1E-BC30-11290AFC4B51}.MinSizeRel|Win32.ActiveCfg = MinSizeRel|Win32
		{66562705-C3AC-3D1E-BC30-11290AFC4B51}.MinSizeRel|Win32.Build.0 = MinSizeRel|Win32
		{66562705-C3AC-3D1E-BC30-11290AFC4B51}.RelWithDebInfo|Win32.ActiveCfg = RelWithDebInfo|Win32
		{66562705-C3AC-3D1E-BC30-11290AFC4B51}.RelWithDebInfo|Win32.Build.0 = RelWithDebInfo|Win32
		{793EFC28-896B-3241-B977-FD7F68E0D7C2}.Debug|Win32.ActiveCfg = Debug|Win32
		{793EFC28-896B-3241-B977-FD7F68E0D7C2}.Debug|Win32.Build.0 = Debug|Win32
		{793EFC28-896B-3241-B977-FD7F68E0D7C2}.Release|Win32.ActiveCfg = Release|Win32
		{793EFC28-896B-3241-B977-FD7F68E0D7C2}.Release|Win32.Build.0 = Release|Win32
		{793EFC28-896B-3241-B977-FD7F68E0D7C2}.MinSizeRel|Win32.ActiveCfg = MinSizeRel|Win32
		{793EFC28-896B-3241-B977-FD7F68E0D7C2}.MinSizeRel|Win32.Build.0 = MinSizeRel|Win32
		{793EFC28-896B-3241-B977-FD7F68E0D7C2}.RelWithDebInfo|Win32.ActiveCfg = RelWithDebInfo|Win32
		{793EFC28-896B-3241-B977-FD7F68E0D7C2}.RelWithDebInfo|Win32.Build.0 = RelWithDebInfo|Win32
		{0FFAED46-E71C-3CF1-9EC8-49D2C32BD61A}.Debug|Win32.ActiveCfg = Debug|Win32
		{0FFAED46-E71C-3CF1-9EC8-49D2C32BD61A}.Debug|Win32.Build.0 = Debug|Win32
		{0FFAED46-E71C-3CF1-9EC8-49D2C32BD61A}.Release|Win32.ActiveCfg = Release|Win32
		{0FFAED46-E71C-3CF1-9EC8-49D2C32BD61A}.Release|Win32.Build.0 = Release|Win32
		{0FFAED46-E71C-3CF1-9EC8-49D2C32BD61A}.MinSizeRel|Win32.ActiveCfg = MinSizeRel|Win32
		{0FFAED46-E71C-3CF1-9EC8-49D2C32BD61A}.MinSizeRel|Win32.Build.0 = MinSizeRel|Win32
		{0FFAED46-E71C-3CF1-9EC8-49D2C32BD61A}.RelWithDebInfo|Win32.ActiveCfg = RelWithDebInfo|Win32
		{0FFAED46-E71C-3CF1-9EC8-49D2C32BD61A}.RelWithDebInfo|Win32.Build.0 = RelWithDebInfo|Win32
		{73998C8C-A6BF-3F68-A983-7D5C512B4F83}.Debug|Win32.ActiveCfg = Debug|Win32
		{73998C8C-A6BF-3F68-A983-7D5C512B4F83}.Debug|Win32.Build.0 = Debug|Win32
		{73998C8C-A6BF-3F68-A983-7D5C512B4F83}.Release|Win32.ActiveCfg = Release|Win32
		{73998C8C-A6BF-3F68-A983-7D5C512B4F83}.Release|Win32.Build.0 = Release|Win32
		{73998C8C-A6BF-3F68-A983-7D5C512B4F83}.MinSizeRel|Win32.ActiveCfg = MinSizeRel|Win32
		{73998C8C-A6BF-3F68-A983-7D5C512B4F83}.MinSizeRel|Win32.Build.0 = MinSizeRel|Win32
		{73998C8C-A6BF-3F68-A983-7D5C512B4F83}.RelWithDebInfo|Win32.ActiveCfg = RelWithDebInfo|Win32
		{73998C8C-A6BF-3F68-A983-7D5C512B4F83}.RelWithDebInfo|Win32.Build.0 = RelWithDebInfo|Win32
		{6ACD3337-2C62-312F-8C6B-344454D486AC}.Debug|Win32.ActiveCfg = Debug|Win32
		{6ACD3337-2C62-312F-8C6B-344454D486AC}.Debug|Win32.Build.0 = Debug|Win32
		{6ACD3337-2C62-312F-8C6B-344454D486AC}.Release|Win32.ActiveCfg = Release|Win32
		{6ACD3337-2C62-312F-8C6B-344454D486AC}.Release|Win32.Build.0 = Release|Win32
		{6ACD3337-2C62-312F-8C6B-344454D486AC}.MinSizeRel|Win32.ActiveCfg = MinSizeRel|Win32
		{6ACD3337-2C62-312F-8C6B-344454D486AC}.MinSizeRel|Win32.Build.0 = MinSizeRel|Win32
		{6ACD3337-2C62-312F-8C6B-344454D486AC}.RelWithDebInfo|Win32.ActiveCfg = RelWithDebInfo|Win32
		{6ACD3337-2C62-312F-8C6B-344454D486AC}.RelWithDebInfo|Win32.Build.0 = RelWithDebInfo|Win32
		{579F6937-DD8F-3305-BE04-045F8EBA80B4}.Debug|Win32.ActiveCfg = Debug|Win32
		{579F6937-DD8F-3305-BE04-045F8EBA80B4}.Debug|Win32.Build.0 = Debug|Win32
		{579F6937-DD8F-3305-BE04-045F8EBA80B4}.Release|Win32.ActiveCfg = Release|Win32
		{579F6937-DD8F-3305-BE04-045F8EBA80B4}.Release|Win32.Build.0 = Release|Win32
		{579F6937-DD8F-3305-BE04-045F8EBA80B4}.MinSizeRel|Win32.ActiveCfg = MinSizeRel|Win32
		{579F6937-DD8F-3305-BE04-045F8EBA80B4}.MinSizeRel|Win32.Build.0 = MinSizeRel|Win32
		{579F6937-DD8F-3305-BE04-045F8EBA80B4}.RelWithDebInfo|Win32.ActiveCfg = RelWithDebInfo|Win32
		{579F6937-DD8F-3305-BE04-045F8EBA80B4}.RelWithDebInfo|Win32.Build.0 = RelWithDebInfo|Win32
		{85D072D0-56DB-386D-966F-3A0A10282A14}.Debug|Win32.ActiveCfg = Debug|Win32
		{85D072D0-56DB-386D-966F-3A0A10282A14}.Debug|Win32.Build.0 = Debug|Win32
		{85D072D0-56DB-386D-966F-3A0A10282A14}.Release|Win32.ActiveCfg = Release|Win32
		{85D072D0-56DB-386D-966F-3A0A10282A14}.Release|Win32.Build.0 = Release|Win32
		{85D072D0-56DB-386D-966F-3A0A10282A14}.MinSizeRel|Win32.ActiveCfg = MinSizeRel|Win32
		{85D072D0-56DB-386D-966F-3A0A10282A14}.MinSizeRel|Win32.Build.0 = MinSizeRel|Win32
		{85D072D0-56DB-386D-966F-3A0A10282A14}.RelWithDebInfo|Win32.ActiveCfg = RelWithDebInfo|Win32
		{85D072D0-56DB-386D-966F-3A0A10282A14}.RelWithDebInfo|Win32.Build.0 = RelWithDebInfo|Win32
		{F8CBFCA3-F248-33BF-A68E-C8B2C77E29EA}.Debug|Win32.ActiveCfg = Debug|Win32
		{F8CBFCA3-F248-33BF-A68E-C8B2C77E29EA}.Debug|Win32.Build.0 = Debug|Win32
		{F8CBFCA3-F248-33BF-A68E-C8B2C77E29EA}.Release|Win32.ActiveCfg = Release|Win32
		{F8CBFCA3-F248-33BF-A68E-C8B2C77E29EA}.Release|Win32.Build.0 = Release|Win32
		{F8CBFCA3-F248-33BF-A68E-C8B2C77E29EA}.MinSizeRel|Win32.ActiveCfg = MinSizeRel|Win32
		{F8CBFCA3-F248-33BF-A68E-C8B2C77E29EA}.MinSizeRel|Win32.Build.0 = MinSizeRel|Win32
		{F8CBFCA3-F248-33BF-A68E-C8B2C77E29EA}.RelWithDebInfo|Win32.ActiveCfg = RelWithDebInfo|Win32
		{F8CBFCA3-F248-33BF-A68E-C8B2C77E29EA}.RelWithDebInfo|Win32.Build.0 = RelWithDebInfo|Win32
		{9000E05C-0E6E-3949-9F0A-BE238B612A9C}.Debug|Win32.ActiveCfg = Debug|Win32
		{9000E05C-0E6E-3949-9F0A-BE238B612A9C}.Debug|Win32.Build.0 = Debug|Win32
		{9000E05C-0E6E-3949-9F0A-BE238B612A9C}.Release|Win32.ActiveCfg = Release|Win32
		{9000E05C-0E6E-3949-9F0A-BE238B612A9C}.Release|Win32.Build.0 = Release|Win32
		{9000E05C-0E6E-3949-9F0A-BE238B612A9C}.MinSizeRel|Win32.ActiveCfg = MinSizeRel|Win32
		{9000E05C-0E6E-3949-9F0A-BE238B612A9C}.MinSizeRel|Win32.Build.0 = MinSizeRel|Win32
		{9000E05C-0E6E-3949-9F0A-BE238B612A9C}.RelWithDebInfo|Win32.ActiveCfg = RelWithDebInfo|Win32
		{9000E05C-0E6E-3949-9F0A-BE238B612A9C}.RelWithDebInfo|Win32.Build.0 = RelWithDebInfo|Win32
		{F70AEE6C-DE3F-3EFB-B189-476D34D9F1FF}.Debug|Win32.ActiveCfg = Debug|Win32
		{F70AEE6C-DE3F-3EFB-B189-476D34D9F1FF}.Debug|Win32.Build.0 = Debug|Win32
		{F70AEE6C-DE3F-3EFB-B189-476D34D9F1FF}.Release|Win32.ActiveCfg = Release|Win32
		{F70AEE6C-DE3F-3EFB-B189-476D34D9F1FF}.Release|Win32.Build.0 = Release|Win32
		{F70AEE6C-DE3F-3EFB-B189-476D34D9F1FF}.MinSizeRel|Win32.ActiveCfg = MinSizeRel|Win32
		{F70AEE6C-DE3F-3EFB-B189-476D34D9F1FF}.MinSizeRel|Win32.Build.0 = MinSizeRel|Win32
		{F70AEE6C-DE3F-3EFB-B189-476D34D9F1FF}.RelWithDebInfo|Win32.ActiveCfg = RelWithDebInfo|Win32
		{F70AEE6C-DE3F-3EFB-B189-476D34D9F1FF}.RelWithDebInfo|Win32.Build.0 = RelWithDebInfo|Win32
		{E1C781D3-93F8-3E0C-93DE-571A9E521BA5}.Debug|Win32.ActiveCfg = Debug|Win32
		{E1C781D3-93F8-3E0C-93DE-571A9E521BA5}.Debug|Win32.Build.0 = Debug|Win32
		{E1C781D3-93F8-3E0C-93DE-571A9E521BA5}.Release|Win32.ActiveCfg = Release|Win32
		{E1C781D3-93F8-3E0C-93DE-571A9E521BA5}.Release|Win32.Build.0 = Release|Win32
		{E1C781D3-93F8-3E0C-93DE-571A9E521BA5}.MinSizeRel|Win32.ActiveCfg = MinSizeRel|Win32
		{E1C781D3-93F8-3E0C-93DE-571A9E521BA5}.MinSizeRel|Win32.Build.0 = MinSizeRel|Win32
		{E1C781D3-93F8-3E0C-93DE-571A9E521BA5}.RelWithDebInfo|Win32.ActiveCfg = RelWithDebInfo|Win32
		{E1C781D3-93F8-3E0C-93DE-571A9E521BA5}.RelWithDebInfo|Win32.Build.0 = RelWithDebInfo|Win32
		{06A9BE13-9393-373D-BB9E-5CBC3290D33D}.Debug|Win32.ActiveCfg = Debug|Win32
		{06A9BE13-9393-373D-BB9E-5CBC3290D33D}.Debug|Win32.Build.0 = Debug|Win32
		{06A9BE13-9393-373D-BB9E-5CBC3290D33D}.Release|Win32.ActiveCfg = Release|Win32
		{06A9BE13-9393-373D-BB9E-5CBC3290D33D}.Release|Win32.Build.0 = Release|Win32
		{06A9BE13-9393-373D-BB9E-5CBC3290D33D}.MinSizeRel|Win32.ActiveCfg = MinSizeRel|Win32
		{06A9BE13-9393-373D-BB9E-5CBC3290D33D}.MinSizeRel|Win32.Build.0 = MinSizeRel|Win32
		{06A9BE13-9393-373D-BB9E-5CBC3290D33D}.RelWithDebInfo|Win32.ActiveCfg = RelWithDebInfo|Win32
		{06A9BE13-9393-373D-BB9E-5CBC3290D33D}.RelWithDebInfo|Win32.Build.0 = RelWithDebInfo|Win32
		{345E97BE-C12A-35A8-BA49-C70955C428A1}.Debug|Win32.ActiveCfg = Debug|Win32
		{345E97BE-C12A-35A8-BA49-C70955C428A1}.Debug|Win32.Build.0 = Debug|Win32
		{345E97BE-C12A-35A8-BA49-C70955C428A1}.Release|Win32.ActiveCfg = Release|Win32
		{345E97BE-C12A-35A8-BA49-C70955C428A1}.Release|Win32.Build.0 = Release|Win32
		{345E97BE-C12A-35A8-BA49-C70955C428A1}.MinSizeRel|Win32.ActiveCfg = MinSizeRel|Win32
		{345E97BE-C12A-35A8-BA49-C70955C428A1}.MinSizeRel|Win32.Build.0 = MinSizeRel|Win32
		{345E97BE-C12A-35A8-BA49-C70955C428A1}.RelWithDebInfo|Win32.ActiveCfg = RelWithDebInfo|Win32
		{345E97BE-C12A-35A8-BA49-C70955C428A1}.RelWithDebInfo|Win32.Build.0 = RelWithDebInfo|Win32
		{13CAB9E5-F295-335B-ABCC-20803F7A1994}.Debug|Win32.ActiveCfg = Debug|Win32
		{13CAB9E5-F295-335B-ABCC-20803F7A1994}.Debug|Win32.Build.0 = Debug|Win32
		{13CAB9E5-F295-335B-ABCC-20803F7A1994}.Release|Win32.ActiveCfg = Release|Win32
		{13CAB9E5-F295-335B-ABCC-20803F7A1994}.Release|Win32.Build.0 = Release|Win32
		{13CAB9E5-F295-335B-ABCC-20803F7A1994}.MinSizeRel|Win32.ActiveCfg = MinSizeRel|Win32
		{13CAB9E5-F295-335B-ABCC-20803F7A1994}.MinSizeRel|Win32.Build.0 = MinSizeRel|Win32
		{13CAB9E5-F295-335B-ABCC-20803F7A1994}.RelWithDebInfo|Win32.ActiveCfg = RelWithDebInfo|Win32
		{13CAB9E5-F295-335B-ABCC-20803F7A1994}.RelWithDebInfo|Win32.Build.0 = RelWithDebInfo|Win32
		{3E93E7B2-5510-32FD-B8AD-5D8D55E64A33}.Debug|Win32.ActiveCfg = Debug|Win32
		{3E93E7B2-5510-32FD-B8AD-5D8D55E64A33}.Debug|Win32.Build.0 = Debug|Win32
		{3E93E7B2-5510-32FD-B8AD-5D8D55E64A33}.Release|Win32.ActiveCfg = Release|Win32
		{3E93E7B2-5510-32FD-B8AD-5D8D55E64A33}.Release|Win32.Build.0 = Release|Win32
		{3E93E7B2-5510-32FD-B8AD-5D8D55E64A33}.MinSizeRel|Win32.ActiveCfg = MinSizeRel|Win32
		{3E93E7B2-5510-32FD-B8AD-5D8D55E64A33}.MinSizeRel|Win32.Build.0 = MinSizeRel|Win32
		{3E93E7B2-5510-32FD-B8AD-5D8D55E64A33}.RelWithDebInfo|Win32.ActiveCfg = RelWithDebInfo|Win32
		{3E93E7B2-5510-32FD-B8AD-5D8D55E64A33}.RelWithDebInfo|Win32.Build.0 = RelWithDebInfo|Win32
		{545EE8F0-1522-379D-8533-605DB15EAAC8}.Debug|Win32.ActiveCfg = Debug|Win32
		{545EE8F0-1522-379D-8533-605DB15EAAC8}.Debug|Win32.Build.0 = Debug|Win32
		{545EE8F0-1522-379D-8533-605DB15EAAC8}.Release|Win32.ActiveCfg = Release|Win32
		{545EE8F0-1522-379D-8533-605DB15EAAC8}.Release|Win32.Build.0 = Release|Win32
		{545EE8F0-1522-379D-8533-605DB15EAAC8}.MinSizeRel|Win32.ActiveCfg = MinSizeRel|Win32
		{545EE8F0-1522-379D-8533-605DB15EAAC8}.MinSizeRel|Win32.Build.0 = MinSizeRel|Win32
		{545EE8F0-1522-379D-8533-605DB15EAAC8}.RelWithDebInfo|Win32.ActiveCfg = RelWithDebInfo|Win32
		{545EE8F0-1522-379D-8533-605DB15EAAC8}.RelWithDebInfo|Win32.Build.0 = RelWithDebInfo|Win32
		{8487F12B-50B7-3D11-803E-A4EB47EB145A}.Debug|Win32.ActiveCfg = Debug|Win32
		{8487F12B-50B7-3D11-803E-A4EB47EB145A}.Debug|Win32.Build.0 = Debug|Win32
		{8487F12B-50B7-3D11-803E-A4EB47EB145A}.Release|Win32.ActiveCfg = Release|Win32
		{8487F12B-50B7-3D11-803E-A4EB47EB145A}.Release|Win32.Build.0 = Release|Win32
		{8487F12B-50B7-3D11-803E-A4EB47EB145A}.MinSizeRel|Win32.ActiveCfg = MinSizeRel|Win32
		{8487F12B-50B7-3D11-803E-A4EB47EB145A}.MinSizeRel|Win32.Build.0 = MinSizeRel|Win32
		{8487F12B-50B7-3D11-803E-A4EB47EB145A}.RelWithDebInfo|Win32.ActiveCfg = RelWithDebInfo|Win32
		{8487F12B-50B7-3D11-803E-A4EB47EB145A}.RelWithDebInfo|Win32.Build.0 = RelWithDebInfo|Win32
		{9495A87B-D078-3F48-825E-FA24B0CA00AA}.Debug|Win32.ActiveCfg = Debug|Win32
		{9495A87B-D078-3F48-825E-FA24B0CA00AA}.Debug|Win32.Build.0 = Debug|Win32
		{9495A87B-D078-3F48-825E-FA24B0CA00AA}.Release|Win32.ActiveCfg = Release|Win32
		{9495A87B-D078-3F48-825E-FA24B0CA00AA}.Release|Win32.Build.0 = Release|Win32
		{9495A87B-D078-3F48-825E-FA24B0CA00AA}.MinSizeRel|Win32.ActiveCfg = MinSizeRel|Win32
		{9495A87B-D078-3F48-825E-FA24B0CA00AA}.MinSizeRel|Win32.Build.0 = MinSizeRel|Win32
		{9495A87B-D078-3F48-825E-FA24B0CA00AA}.RelWithDebInfo|Win32.ActiveCfg = RelWithDebInfo|Win32
		{9495A87B-D078-3F48-825E-FA24B0CA00AA}.RelWithDebInfo|Win32.Build.0 = RelWithDebInfo|Win32
		{7E5616EC-1BB4-37F5-BAEB-9DF9C10C5441}.Debug|Win32.ActiveCfg = Debug|Win32
		{7E5616EC-1BB4-37F5-BAEB-9DF9C10C5441}.Debug|Win32.Build.0 = Debug|Win32
		{7E5616EC-1BB4-37F5-BAEB-9DF9C10C5441}.Release|Win32.ActiveCfg = Release|Win32
		{7E5616EC-1BB4-37F5-BAEB-9DF9C10C5441}.Release|Win32.Build.0 = Release|Win32
		{7E5616EC-1BB4-37F5-BAEB-9DF9C10C5441}.MinSizeRel|Win32.ActiveCfg = MinSizeRel|Win32
		{7E5616EC-1BB4-37F5-BAEB-9DF9C10C5441}.MinSizeRel|Win32.Build.0 = MinSizeRel|Win32
		{7E5616EC-1BB4-37F5-BAEB-9DF9C10C5441}.RelWithDebInfo|Win32.ActiveCfg = RelWithDebInfo|Win32
		{7E5616EC-1BB4-37F5-BAEB-9DF9C10C5441}.RelWithDebInfo|Win32.Build.0 = RelWithDebInfo|Win32
		{045E24D2-D618-3A6D-869B-C81825938D35}.Debug|Win32.ActiveCfg = Debug|Win32
		{045E24D2-D618-3A6D-869B-C81825938D35}.Debug|Win32.Build.0 = Debug|Win32
		{045E24D2-D618-3A6D-869B-C81825938D35}.Release|Win32.ActiveCfg = Release|Win32
		{045E24D2-D618-3A6D-869B-C81825938D35}.Release|Win32.Build.0 = Release|Win32
		{045E24D2-D618-3A6D-869B-C81825938D35}.MinSizeRel|Win32.ActiveCfg = MinSizeRel|Win32
		{045E24D2-D618-3A6D-869B-C81825938D35}.MinSizeRel|Win32.Build.0 = MinSizeRel|Win32
		{045E24D2-D618-3A6D-869B-C81825938D35}.RelWithDebInfo|Win32.ActiveCfg = RelWithDebInfo|Win32
		{045E24D2-D618-3A6D-869B-C81825938D35}.RelWithDebInfo|Win32.Build.0 = RelWithDebInfo|Win32
		{D96763F2-E067-34C7-86FD-9299CCFD57FE}.Debug|Win32.ActiveCfg = Debug|Win32
		{D96763F2-E067-34C7-86FD-9299CCFD57FE}.Debug|Win32.Build.0 = Debug|Win32
		{D96763F2-E067-34C7-86FD-9299CCFD57FE}.Release|Win32.ActiveCfg = Release|Win32
		{D96763F2-E067-34C7-86FD-9299CCFD57FE}.Release|Win32.Build.0 = Release|Win32
		{D96763F2-E067-34C7-86FD-9299CCFD57FE}.MinSizeRel|Win32.ActiveCfg = MinSizeRel|Win32
		{D96763F2-E067-34C7-86FD-9299CCFD57FE}.MinSizeRel|Win32.Build.0 = MinSizeRel|Win32
		{D96763F2-E067-34C7-86FD-9299CCFD57FE}.RelWithDebInfo|Win32.ActiveCfg = RelWithDebInfo|Win32
		{D96763F2-E067-34C7-86FD-9299CCFD57FE}.RelWithDebInfo|Win32.Build.0 = RelWithDebInfo|Win32
		{09AEFFEA-D913-3364-B0F4-9E00F900B045}.Debug|Win32.ActiveCfg = Debug|Win32
		{09AEFFEA-D913-3364-B0F4-9E00F900B045}.Debug|Win32.Build.0 = Debug|Win32
		{09AEFFEA-D913-3364-B0F4-9E00F900B045}.Release|Win32.ActiveCfg = Release|Win32
		{09AEFFEA-D913-3364-B0F4-9E00F900B045}.Release|Win32.Build.0 = Release|Win32
		{09AEFFEA-D913-3364-B0F4-9E00F900B045}.MinSizeRel|Win32.ActiveCfg = MinSizeRel|Win32
		{09AEFFEA-D913-3364-B0F4-9E00F900B045}.MinSizeRel|Win32.Build.0 = MinSizeRel|Win32
		{09AEFFEA-D913-3364-B0F4-9E00F900B045}.RelWithDebInfo|Win32.ActiveCfg = RelWithDebInfo|Win32
		{09AEFFEA-D913-3364-B0F4-9E00F900B045}.RelWithDebInfo|Win32.Build.0 = RelWithDebInfo|Win32
		{C42CFF26-4DAB-3BE4-A99A-6810A5FA9429}.Debug|Win32.ActiveCfg = Debug|Win32
		{C42CFF26-4DAB-3BE4-A99A-6810A5FA9429}.Debug|Win32.Build.0 = Debug|Win32
		{C42CFF26-4DAB-3BE4-A99A-6810A5FA9429}.Release|Win32.ActiveCfg = Release|Win32
		{C42CFF26-4DAB-3BE4-A99A-6810A5FA9429}.Release|Win32.Build.0 = Release|Win32
		{C42CFF26-4DAB-3BE4-A99A-6810A5FA9429}.MinSizeRel|Win32.ActiveCfg = MinSizeRel|Win32
		{C42CFF26-4DAB-3BE4-A99A-6810A5FA9429}.MinSizeRel|Win32.Build.0 = MinSizeRel|Win32
		{C42CFF26-4DAB-3BE4-A99A-6810A5FA9429}.RelWithDebInfo|Win32.ActiveCfg = RelWithDebInfo|Win32
		{C42CFF26-4DAB-3BE4-A99A-6810A5FA9429}.RelWithDebInfo|Win32.Build.0 = RelWithDebInfo|Win32
		{71961E1E-2DDD-32E9-8762-744B11117218}.Debug|Win32.ActiveCfg = Debug|Win32
		{71961E1E-2DDD-32E9-8762-744B11117218}.Debug|Win32.Build.0 = Debug|Win32
		{71961E1E-2DDD-32E9-8762-744B11117218}.Release|Win32.ActiveCfg = Release|Win32
		{71961E1E-2DDD-32E9-8762-744B11117218}.Release|Win32.Build.0 = Release|Win32
		{71961E1E-2DDD-32E9-8762-744B11117218}.MinSizeRel|Win32.ActiveCfg = MinSizeRel|Win32
		{71961E1E-2DDD-32E9-8762-744B11117218}.MinSizeRel|Win32.Build.0 = MinSizeRel|Win32
		{71961E1E-2DDD-32E9-8762-744B11117218}.RelWithDebInfo|Win32.ActiveCfg = RelWithDebInfo|Win32
		{71961E1E-2DDD-32E9-8762-744B11117218}.RelWithDebInfo|Win32.Build.0 = RelWithDebInfo|Win32
		{6AC65D4A-2813-387D-A2C1-415067A2ADC1}.Debug|Win32.ActiveCfg = Debug|Win32
		{6AC65D4A-2813-387D-A2C1-415067A2ADC1}.Debug|Win32.Build.0 = Debug|Win32
		{6AC65D4A-2813-387D-A2C1-415067A2ADC1}.Release|Win32.ActiveCfg = Release|Win32
		{6AC65D4A-2813-387D-A2C1-415067A2ADC1}.Release|Win32.Build.0 = Release|Win32
		{6AC65D4A-2813-387D-A2C1-415067A2ADC1}.MinSizeRel|Win32.ActiveCfg = MinSizeRel|Win32
		{6AC65D4A-2813-387D-A2C1-415067A2ADC1}.MinSizeRel|Win32.Build.0 = MinSizeRel|Win32
		{6AC65D4A-2813-387D-A2C1-415067A2ADC1}.RelWithDebInfo|Win32.ActiveCfg = RelWithDebInfo|Win32
		{6AC65D4A-2813-387D-A2C1-415067A2ADC1}.RelWithDebInfo|Win32.Build.0 = RelWithDebInfo|Win32
		{1A61EE86-4236-36D1-9D80-4F986B01CF61}.Debug|Win32.ActiveCfg = Debug|Win32
		{1A61EE86-4236-36D1-9D80-4F986B01CF61}.Debug|Win32.Build.0 = Debug|Win32
		{1A61EE86-4236-36D1-9D80-4F986B01CF61}.Release|Win32.ActiveCfg = Release|Win32
		{1A61EE86-4236-36D1-9D80-4F986B01CF61}.Release|Win32.Build.0 = Release|Win32
		{1A61EE86-4236-36D1-9D80-4F986B01CF61}.MinSizeRel|Win32.ActiveCfg = MinSizeRel|Win32
		{1A61EE86-4236-36D1-9D80-4F986B01CF61}.MinSizeRel|Win32.Build.0 = MinSizeRel|Win32
		{1A61EE86-4236-36D1-9D80-4F986B01CF61}.RelWithDebInfo|Win32.ActiveCfg = RelWithDebInfo|Win32
		{1A61EE86-4236-36D1-9D80-4F986B01CF61}.RelWithDebInfo|Win32.Build.0 = RelWithDebInfo|Win32
		{77CA5CEC-38BC-3F93-8EA2-85837E2B2D16}.Debug|Win32.ActiveCfg = Debug|Win32
		{77CA5CEC-38BC-3F93-8EA2-85837E2B2D16}.Debug|Win32.Build.0 = Debug|Win32
		{77CA5CEC-38BC-3F93-8EA2-85837E2B2D16}.Release|Win32.ActiveCfg = Release|Win32
		{77CA5CEC-38BC-3F93-8EA2-85837E2B2D16}.Release|Win32.Build.0 = Release|Win32
		{77CA5CEC-38BC-3F93-8EA2-85837E2B2D16}.MinSizeRel|Win32.ActiveCfg = MinSizeRel|Win32
		{77CA5CEC-38BC-3F93-8EA2-85837E2B2D16}.MinSizeRel|Win32.Build.0 = MinSizeRel|Win32
		{77CA5CEC-38BC-3F93-8EA2-85837E2B2D16}.RelWithDebInfo|Win32.ActiveCfg = RelWithDebInfo|Win32
		{77CA5CEC-38BC-3F93-8EA2-85837E2B2D16}.RelWithDebInfo|Win32.Build.0 = RelWithDebInfo|Win32
		{196F3812-C010-3DD1-81A9-13DC5EE387AA}.Debug|Win32.ActiveCfg = Debug|Win32
		{196F3812-C010-3DD1-81A9-13DC5EE387AA}.Debug|Win32.Build.0 = Debug|Win32
		{196F3812-C010-3DD1-81A9-13DC5EE387AA}.Release|Win32.ActiveCfg = Release|Win32
		{196F3812-C010-3DD1-81A9-13DC5EE387AA}.Release|Win32.Build.0 = Release|Win32
		{196F3812-C010-3DD1-81A9-13DC5EE387AA}.MinSizeRel|Win32.ActiveCfg = MinSizeRel|Win32
		{196F3812-C010-3DD1-81A9-13DC5EE387AA}.MinSizeRel|Win32.Build.0 = MinSizeRel|Win32
		{196F3812-C010-3DD1-81A9-13DC5EE387AA}.RelWithDebInfo|Win32.ActiveCfg = RelWithDebInfo|Win32
		{196F3812-C010-3DD1-81A9-13DC5EE387AA}.RelWithDebInfo|Win32.Build.0 = RelWithDebInfo|Win32
		{E0786B0D-2CF6-3A2F-9A25-808F74D14B54}.Debug|Win32.ActiveCfg = Debug|Win32
		{E0786B0D-2CF6-3A2F-9A25-808F74D14B54}.Debug|Win32.Build.0 = Debug|Win32
		{E0786B0D-2CF6-3A2F-9A25-808F74D14B54}.Release|Win32.ActiveCfg = Release|Win32
		{E0786B0D-2CF6-3A2F-9A25-808F74D14B54}.Release|Win32.Build.0 = Release|Win32
		{E0786B0D-2CF6-3A2F-9A25-808F74D14B54}.MinSizeRel|Win32.ActiveCfg = MinSizeRel|Win32
		{E0786B0D-2CF6-3A2F-9A25-808F74D14B54}.MinSizeRel|Win32.Build.0 = MinSizeRel|Win32
		{E0786B0D-2CF6-3A2F-9A25-808F74D14B54}.RelWithDebInfo|Win32.ActiveCfg = RelWithDebInfo|Win32
		{E0786B0D-2CF6-3A2F-9A25-808F74D14B54}.RelWithDebInfo|Win32.Build.0 = RelWithDebInfo|Win32
		{31702BD9-29F5-39A4-97AB-55B158E01EA0}.Debug|Win32.ActiveCfg = Debug|Win32
		{31702BD9-29F5-39A4-97AB-55B158E01EA0}.Release|Win32.ActiveCfg = Release|Win32
		{31702BD9-29F5-39A4-97AB-55B158E01EA0}.MinSizeRel|Win32.ActiveCfg = MinSizeRel|Win32
		{31702BD9-29F5-39A4-97AB-55B158E01EA0}.RelWithDebInfo|Win32.ActiveCfg = RelWithDebInfo|Win32
		{76AF7445-43EF-3163-AE4A-E79881C79A46}.Debug|Win32.ActiveCfg = Debug|Win32
		{76AF7445-43EF-3163-AE4A-E79881C79A46}.Debug|Win32.Build.0 = Debug|Win32
		{76AF7445-43EF-3163-AE4A-E79881C79A46}.Release|Win32.ActiveCfg = Release|Win32
		{76AF7445-43EF-3163-AE4A-E79881C79A46}.Release|Win32.Build.0 = Release|Win32
		{76AF7445-43EF-3163-AE4A-E79881C79A46}.MinSizeRel|Win32.ActiveCfg = MinSizeRel|Win32
		{76AF7445-43EF-3163-AE4A-E79881C79A46}.MinSizeRel|Win32.Build.0 = MinSizeRel|Win32
		{76AF7445-43EF-3163-AE4A-E79881C79A46}.RelWithDebInfo|Win32.ActiveCfg = RelWithDebInfo|Win32
		{76AF7445-43EF-3163-AE4A-E79881C79A46}.RelWithDebInfo|Win32.Build.0 = RelWithDebInfo|Win32
		{52E04F5E-AC94-360D-A345-BDABC5D5FB3E}.Debug|Win32.ActiveCfg = Debug|Win32
		{52E04F5E-AC94-360D-A345-BDABC5D5FB3E}.Debug|Win32.Build.0 = Debug|Win32
		{52E04F5E-AC94-360D-A345-BDABC5D5FB3E}.Release|Win32.ActiveCfg = Release|Win32
		{52E04F5E-AC94-360D-A345-BDABC5D5FB3E}.Release|Win32.Build.0 = Release|Win32
		{52E04F5E-AC94-360D-A345-BDABC5D5FB3E}.MinSizeRel|Win32.ActiveCfg = MinSizeRel|Win32
		{52E04F5E-AC94-360D-A345-BDABC5D5FB3E}.MinSizeRel|Win32.Build.0 = MinSizeRel|Win32
		{52E04F5E-AC94-360D-A345-BDABC5D5FB3E}.RelWithDebInfo|Win32.ActiveCfg = RelWithDebInfo|Win32
		{52E04F5E-AC94-360D-A345-BDABC5D5FB3E}.RelWithDebInfo|Win32.Build.0 = RelWithDebInfo|Win32
		{B5253E76-DB44-3064-919F-D9CB0EEF267E}.Debug|Win32.ActiveCfg = Debug|Win32
		{B5253E76-DB44-3064-919F-D9CB0EEF267E}.Release|Win32.ActiveCfg = Release|Win32
		{B5253E76-DB44-3064-919F-D9CB0EEF267E}.MinSizeRel|Win32.ActiveCfg = MinSizeRel|Win32
		{B5253E76-DB44-3064-919F-D9CB0EEF267E}.RelWithDebInfo|Win32.ActiveCfg = RelWithDebInfo|Win32
		{1BB6464A-15DB-39F3-8CB4-3B6ED6792A13}.Debug|Win32.ActiveCfg = Debug|Win32
		{1BB6464A-15DB-39F3-8CB4-3B6ED6792A13}.Debug|Win32.Build.0 = Debug|Win32
		{1BB6464A-15DB-39F3-8CB4-3B6ED6792A13}.Release|Win32.ActiveCfg = Release|Win32
		{1BB6464A-15DB-39F3-8CB4-3B6ED6792A13}.Release|Win32.Build.0 = Release|Win32
		{1BB6464A-15DB-39F3-8CB4-3B6ED6792A13}.MinSizeRel|Win32.ActiveCfg = MinSizeRel|Win32
		{1BB6464A-15DB-39F3-8CB4-3B6ED6792A13}.MinSizeRel|Win32.Build.0 = MinSizeRel|Win32
		{1BB6464A-15DB-39F3-8CB4-3B6ED6792A13}.RelWithDebInfo|Win32.ActiveCfg = RelWithDebInfo|Win32
		{1BB6464A-15DB-39F3-8CB4-3B6ED6792A13}.RelWithDebInfo|Win32.Build.0 = RelWithDebInfo|Win32
		{907A9455-74FA-3966-9902-D118DF58993A}.Debug|Win32.ActiveCfg = Debug|Win32
		{907A9455-74FA-3966-9902-D118DF58993A}.Debug|Win32.Build.0 = Debug|Win32
		{907A9455-74FA-3966-9902-D118DF58993A}.Release|Win32.ActiveCfg = Release|Win32
		{907A9455-74FA-3966-9902-D118DF58993A}.Release|Win32.Build.0 = Release|Win32
		{907A9455-74FA-3966-9902-D118DF58993A}.MinSizeRel|Win32.ActiveCfg = MinSizeRel|Win32
		{907A9455-74FA-3966-9902-D118DF58993A}.MinSizeRel|Win32.Build.0 = MinSizeRel|Win32
		{907A9455-74FA-3966-9902-D118DF58993A}.RelWithDebInfo|Win32.ActiveCfg = RelWithDebInfo|Win32
		{907A9455-74FA-3966-9902-D118DF58993A}.RelWithDebInfo|Win32.Build.0 = RelWithDebInfo|Win32
		{2BD04F9D-75F5-3C88-8F4A-11E526CD131D}.Debug|Win32.ActiveCfg = Debug|Win32
		{2BD04F9D-75F5-3C88-8F4A-11E526CD131D}.Debug|Win32.Build.0 = Debug|Win32
		{2BD04F9D-75F5-3C88-8F4A-11E526CD131D}.Release|Win32.ActiveCfg = Release|Win32
		{2BD04F9D-75F5-3C88-8F4A-11E526CD131D}.Release|Win32.Build.0 = Release|Win32
		{2BD04F9D-75F5-3C88-8F4A-11E526CD131D}.MinSizeRel|Win32.ActiveCfg = MinSizeRel|Win32
		{2BD04F9D-75F5-3C88-8F4A-11E526CD131D}.MinSizeRel|Win32.Build.0 = MinSizeRel|Win32
		{2BD04F9D-75F5-3C88-8F4A-11E526CD131D}.RelWithDebInfo|Win32.ActiveCfg = RelWithDebInfo|Win32
		{2BD04F9D-75F5-3C88-8F4A-11E526CD131D}.RelWithDebInfo|Win32.Build.0 = RelWithDebInfo|Win32
		{732D0B1F-FD04-32DE-BAFC-E0F27B66F123}.Debug|Win32.ActiveCfg = Debug|Win32
		{732D0B1F-FD04-32DE-BAFC-E0F27B66F123}.Debug|Win32.Build.0 = Debug|Win32
		{732D0B1F-FD04-32DE-BAFC-E0F27B66F123}.Release|Win32.ActiveCfg = Release|Win32
		{732D0B1F-FD04-32DE-BAFC-E0F27B66F123}.Release|Win32.Build.0 = Release|Win32
		{732D0B1F-FD04-32DE-BAFC-E0F27B66F123}.MinSizeRel|Win32.ActiveCfg = MinSizeRel|Win32
		{732D0B1F-FD04-32DE-BAFC-E0F27B66F123}.MinSizeRel|Win32.Build.0 = MinSizeRel|Win32
		{732D0B1F-FD04-32DE-BAFC-E0F27B66F123}.RelWithDebInfo|Win32.ActiveCfg = RelWithDebInfo|Win32
		{732D0B1F-FD04-32DE-BAFC-E0F27B66F123}.RelWithDebInfo|Win32.Build.0 = RelWithDebInfo|Win32
		{9EF810AD-C31C-34F9-9CF0-B98F734D647C}.Debug|Win32.ActiveCfg = Debug|Win32
		{9EF810AD-C31C-34F9-9CF0-B98F734D647C}.Debug|Win32.Build.0 = Debug|Win32
		{9EF810AD-C31C-34F9-9CF0-B98F734D647C}.Release|Win32.ActiveCfg = Release|Win32
		{9EF810AD-C31C-34F9-9CF0-B98F734D647C}.Release|Win32.Build.0 = Release|Win32
		{9EF810AD-C31C-34F9-9CF0-B98F734D647C}.MinSizeRel|Win32.ActiveCfg = MinSizeRel|Win32
		{9EF810AD-C31C-34F9-9CF0-B98F734D647C}.MinSizeRel|Win32.Build.0 = MinSizeRel|Win32
		{9EF810AD-C31C-34F9-9CF0-B98F734D647C}.RelWithDebInfo|Win32.ActiveCfg = RelWithDebInfo|Win32
		{9EF810AD-C31C-34F9-9CF0-B98F734D647C}.RelWithDebInfo|Win32.Build.0 = RelWithDebInfo|Win32
		{E8A71FF5-B584-332F-A12F-E4D2D31ADFCC}.Debug|Win32.ActiveCfg = Debug|Win32
		{E8A71FF5-B584-332F-A12F-E4D2D31ADFCC}.Debug|Win32.Build.0 = Debug|Win32
		{E8A71FF5-B584-332F-A12F-E4D2D31ADFCC}.Release|Win32.ActiveCfg = Release|Win32
		{E8A71FF5-B584-332F-A12F-E4D2D31ADFCC}.Release|Win32.Build.0 = Release|Win32
		{E8A71FF5-B584-332F-A12F-E4D2D31ADFCC}.MinSizeRel|Win32.ActiveCfg = MinSizeRel|Win32
		{E8A71FF5-B584-332F-A12F-E4D2D31ADFCC}.MinSizeRel|Win32.Build.0 = MinSizeRel|Win32
		{E8A71FF5-B584-332F-A12F-E4D2D31ADFCC}.RelWithDebInfo|Win32.ActiveCfg = RelWithDebInfo|Win32
		{E8A71FF5-B584-332F-A12F-E4D2D31ADFCC}.RelWithDebInfo|Win32.Build.0 = RelWithDebInfo|Win32
		{7B55C6F5-B862-3FDD-B693-7646478C8148}.Debug|Win32.ActiveCfg = Debug|Win32
		{7B55C6F5-B862-3FDD-B693-7646478C8148}.Debug|Win32.Build.0 = Debug|Win32
		{7B55C6F5-B862-3FDD-B693-7646478C8148}.Release|Win32.ActiveCfg = Release|Win32
		{7B55C6F5-B862-3FDD-B693-7646478C8148}.Release|Win32.Build.0 = Release|Win32
		{7B55C6F5-B862-3FDD-B693-7646478C8148}.MinSizeRel|Win32.ActiveCfg = MinSizeRel|Win32
		{7B55C6F5-B862-3FDD-B693-7646478C8148}.MinSizeRel|Win32.Build.0 = MinSizeRel|Win32
		{7B55C6F5-B862-3FDD-B693-7646478C8148}.RelWithDebInfo|Win32.ActiveCfg = RelWithDebInfo|Win32
		{7B55C6F5-B862-3FDD-B693-7646478C8148}.RelWithDebInfo|Win32.Build.0 = RelWithDebInfo|Win32
		{5E0F5CAA-2449-33C0-9BBE-4176B60BC704}.Debug|Win32.ActiveCfg = Debug|Win32
		{5E0F5CAA-2449-33C0-9BBE-4176B60BC704}.Debug|Win32.Build.0 = Debug|Win32
		{5E0F5CAA-2449-33C0-9BBE-4176B60BC704}.Release|Win32.ActiveCfg = Release|Win32
		{5E0F5CAA-2449-33C0-9BBE-4176B60BC704}.Release|Win32.Build.0 = Release|Win32
		{5E0F5CAA-2449-33C0-9BBE-4176B60BC704}.MinSizeRel|Win32.ActiveCfg = MinSizeRel|Win32
		{5E0F5CAA-2449-33C0-9BBE-4176B60BC704}.MinSizeRel|Win32.Build.0 = MinSizeRel|Win32
		{5E0F5CAA-2449-33C0-9BBE-4176B60BC704}.RelWithDebInfo|Win32.ActiveCfg = RelWithDebInfo|Win32
		{5E0F5CAA-2449-33C0-9BBE-4176B60BC704}.RelWithDebInfo|Win32.Build.0 = RelWithDebInfo|Win32
		{9E8B8800-FF44-333E-82C5-BA105EDF2066}.Debug|Win32.ActiveCfg = Debug|Win32
		{9E8B8800-FF44-333E-82C5-BA105EDF2066}.Debug|Win32.Build.0 = Debug|Win32
		{9E8B8800-FF44-333E-82C5-BA105EDF2066}.Release|Win32.ActiveCfg = Release|Win32
		{9E8B8800-FF44-333E-82C5-BA105EDF2066}.Release|Win32.Build.0 = Release|Win32
		{9E8B8800-FF44-333E-82C5-BA105EDF2066}.MinSizeRel|Win32.ActiveCfg = MinSizeRel|Win32
		{9E8B8800-FF44-333E-82C5-BA105EDF2066}.MinSizeRel|Win32.Build.0 = MinSizeRel|Win32
		{9E8B8800-FF44-333E-82C5-BA105EDF2066}.RelWithDebInfo|Win32.ActiveCfg = RelWithDebInfo|Win32
		{9E8B8800-FF44-333E-82C5-BA105EDF2066}.RelWithDebInfo|Win32.Build.0 = RelWithDebInfo|Win32
		{B8B7DEC1-D7B3-36AB-AA4A-1FDB7F669FD1}.Debug|Win32.ActiveCfg = Debug|Win32
		{B8B7DEC1-D7B3-36AB-AA4A-1FDB7F669FD1}.Debug|Win32.Build.0 = Debug|Win32
		{B8B7DEC1-D7B3-36AB-AA4A-1FDB7F669FD1}.Release|Win32.ActiveCfg = Release|Win32
		{B8B7DEC1-D7B3-36AB-AA4A-1FDB7F669FD1}.Release|Win32.Build.0 = Release|Win32
		{B8B7DEC1-D7B3-36AB-AA4A-1FDB7F669FD1}.MinSizeRel|Win32.ActiveCfg = MinSizeRel|Win32
		{B8B7DEC1-D7B3-36AB-AA4A-1FDB7F669FD1}.MinSizeRel|Win32.Build.0 = MinSizeRel|Win32
		{B8B7DEC1-D7B3-36AB-AA4A-1FDB7F669FD1}.RelWithDebInfo|Win32.ActiveCfg = RelWithDebInfo|Win32
		{B8B7DEC1-D7B3-36AB-AA4A-1FDB7F669FD1}.RelWithDebInfo|Win32.Build.0 = RelWithDebInfo|Win32
		{C0AE88E6-30AE-38FB-9A60-6AF4BBFF0D60}.Debug|Win32.ActiveCfg = Debug|Win32
		{C0AE88E6-30AE-38FB-9A60-6AF4BBFF0D60}.Debug|Win32.Build.0 = Debug|Win32
		{C0AE88E6-30AE-38FB-9A60-6AF4BBFF0D60}.Release|Win32.ActiveCfg = Release|Win32
		{C0AE88E6-30AE-38FB-9A60-6AF4BBFF0D60}.Release|Win32.Build.0 = Release|Win32
		{C0AE88E6-30AE-38FB-9A60-6AF4BBFF0D60}.MinSizeRel|Win32.ActiveCfg = MinSizeRel|Win32
		{C0AE88E6-30AE-38FB-9A60-6AF4BBFF0D60}.MinSizeRel|Win32.Build.0 = MinSizeRel|Win32
		{C0AE88E6-30AE-38FB-9A60-6AF4BBFF0D60}.RelWithDebInfo|Win32.ActiveCfg = RelWithDebInfo|Win32
		{C0AE88E6-30AE-38FB-9A60-6AF4BBFF0D60}.RelWithDebInfo|Win32.Build.0 = RelWithDebInfo|Win32
	EndGlobalSection
	GlobalSection(ExtensibilityGlobals) = postSolution
		SolutionGuid = {CEAC0BAB-5D06-3D45-8F78-001B8D6F37A2}
	EndGlobalSection
	GlobalSection(ExtensibilityAddIns) = postSolution
	EndGlobalSection
EndGlobal
